// !$*UTF8*$!
{
	archiveVersion = 1;
	classes = {
	};
	objectVersion = 46;
	objects = {

/* Begin PBXBuildFile section */
		AA02CE8B17EE08240041C2BD /* LNAlertAccessoryView.xib in Resources */ = {isa = PBXBuildFile; fileRef = AA02CE8A17EE08240041C2BD /* LNAlertAccessoryView.xib */; };
		AA02CE8E17EE083A0041C2BD /* LNAlertAccessoryView.m in Sources */ = {isa = PBXBuildFile; fileRef = AA02CE8D17EE083A0041C2BD /* LNAlertAccessoryView.m */; };
		AA1B7DA717C3C1EC00A3A6D7 /* Cocoa.framework in Frameworks */ = {isa = PBXBuildFile; fileRef = AA1B7DA617C3C1EC00A3A6D7 /* Cocoa.framework */; };
		AA1B7DB117C3C1EC00A3A6D7 /* InfoPlist.strings in Resources */ = {isa = PBXBuildFile; fileRef = AA1B7DAF17C3C1EC00A3A6D7 /* InfoPlist.strings */; };
		AA1B7DBA17C3C20F00A3A6D7 /* Lin.m in Sources */ = {isa = PBXBuildFile; fileRef = AA1B7DB917C3C20F00A3A6D7 /* Lin.m */; };
		AA20D87F17ECB12A006B7CA2 /* NSPopoverFrame+Lin.m in Sources */ = {isa = PBXBuildFile; fileRef = AA20D87E17ECB12A006B7CA2 /* NSPopoverFrame+Lin.m */; };
		AA2980B417EE2C5300CF46E3 /* LNUserDefaultsManager.m in Sources */ = {isa = PBXBuildFile; fileRef = AA2980B317EE2C5300CF46E3 /* LNUserDefaultsManager.m */; };
		AA36376617D9EF9E003C5E55 /* LNPopoverContentView.m in Sources */ = {isa = PBXBuildFile; fileRef = AA36376517D9EF9E003C5E55 /* LNPopoverContentView.m */; };
		AA3EC36F17EB2A290003A180 /* DVTFoundation.framework in Frameworks */ = {isa = PBXBuildFile; fileRef = AA3EC36D17EB2A290003A180 /* DVTFoundation.framework */; };
		AA3EC37017EB2A290003A180 /* DVTKit.framework in Frameworks */ = {isa = PBXBuildFile; fileRef = AA3EC36E17EB2A290003A180 /* DVTKit.framework */; };
		AA3EC37317EB2A380003A180 /* IDEFoundation.framework in Frameworks */ = {isa = PBXBuildFile; fileRef = AA3EC37117EB2A380003A180 /* IDEFoundation.framework */; };
		AA3EC37417EB2A380003A180 /* IDEKit.framework in Frameworks */ = {isa = PBXBuildFile; fileRef = AA3EC37217EB2A380003A180 /* IDEKit.framework */; };
		AA470D5B17C3CFEC005CBB7F /* LNDetector.m in Sources */ = {isa = PBXBuildFile; fileRef = AA470D5A17C3CFEC005CBB7F /* LNDetector.m */; };
		AA470D5E17C3D05D005CBB7F /* LNEntity.m in Sources */ = {isa = PBXBuildFile; fileRef = AA470D5D17C3D05D005CBB7F /* LNEntity.m */; };
		AA470D6517C3D380005CBB7F /* XCTest.framework in Frameworks */ = {isa = PBXBuildFile; fileRef = AA470D6417C3D380005CBB7F /* XCTest.framework */; };
		AA470D6B17C3D380005CBB7F /* InfoPlist.strings in Resources */ = {isa = PBXBuildFile; fileRef = AA470D6917C3D380005CBB7F /* InfoPlist.strings */; };
		AA470D7D17C3DE31005CBB7F /* LNDetectorTests.m in Sources */ = {isa = PBXBuildFile; fileRef = AA470D7C17C3DE31005CBB7F /* LNDetectorTests.m */; };
		AA6377CE18C5CCFC005EADC7 /* LNImageButtonCell.m in Sources */ = {isa = PBXBuildFile; fileRef = AA6377CD18C5CCFC005EADC7 /* LNImageButtonCell.m */; };
		AA63897918C6019A0061C2C4 /* icon_plus@2x.png in Resources */ = {isa = PBXBuildFile; fileRef = AA63897118C6019A0061C2C4 /* icon_plus@2x.png */; };
		AA63897A18C6019A0061C2C4 /* icon_minus.png in Resources */ = {isa = PBXBuildFile; fileRef = AA63897218C6019A0061C2C4 /* icon_minus.png */; };
		AA63897B18C6019A0061C2C4 /* icon_minus@2x.png in Resources */ = {isa = PBXBuildFile; fileRef = AA63897318C6019A0061C2C4 /* icon_minus@2x.png */; };
		AA63897C18C6019A0061C2C4 /* icon120.png in Resources */ = {isa = PBXBuildFile; fileRef = AA63897418C6019A0061C2C4 /* icon120.png */; };
		AA63897D18C6019A0061C2C4 /* icon_plus.png in Resources */ = {isa = PBXBuildFile; fileRef = AA63897518C6019A0061C2C4 /* icon_plus.png */; };
		AA63897E18C6019A0061C2C4 /* icon_detach@2x.png in Resources */ = {isa = PBXBuildFile; fileRef = AA63897618C6019A0061C2C4 /* icon_detach@2x.png */; };
		AA63897F18C6019A0061C2C4 /* icon120@2x.png in Resources */ = {isa = PBXBuildFile; fileRef = AA63897718C6019A0061C2C4 /* icon120@2x.png */; };
		AA63898018C6019A0061C2C4 /* icon_detach.png in Resources */ = {isa = PBXBuildFile; fileRef = AA63897818C6019A0061C2C4 /* icon_detach.png */; };
		AA7D4DB117C74CFE0092DF8A /* LNLocalizationCollection.m in Sources */ = {isa = PBXBuildFile; fileRef = AA7D4DB017C74CFE0092DF8A /* LNLocalizationCollection.m */; };
		AA7D4DB417C74D0A0092DF8A /* LNLocalization.m in Sources */ = {isa = PBXBuildFile; fileRef = AA7D4DB317C74D0A0092DF8A /* LNLocalization.m */; };
		AA8F8EF017EDFC68004964FB /* NSTableView+editedColumnIdentifier.m in Sources */ = {isa = PBXBuildFile; fileRef = AA8F8EEF17EDFC68004964FB /* NSTableView+editedColumnIdentifier.m */; };
		AA95FDEC17EB48A9007D33D4 /* LNPopoverContentView.xib in Resources */ = {isa = PBXBuildFile; fileRef = AA95FDEB17EB48A9007D33D4 /* LNPopoverContentView.xib */; };
		AA95FDEF17EB4E77007D33D4 /* LNPopoverWindowController.m in Sources */ = {isa = PBXBuildFile; fileRef = AA95FDEE17EB4E77007D33D4 /* LNPopoverWindowController.m */; };
		AAAC873317ED9D4F00BF251D /* LNHorizontalLine.m in Sources */ = {isa = PBXBuildFile; fileRef = AAAC873217ED9D4F00BF251D /* LNHorizontalLine.m */; };
		AAAC873B17EDA9CF00BF251D /* LNPopoverWindow.m in Sources */ = {isa = PBXBuildFile; fileRef = AAAC873A17EDA9CF00BF251D /* LNPopoverWindow.m */; };
		AAB0CD3117C4382D0085E913 /* LNRegularExpressionPattern.m in Sources */ = {isa = PBXBuildFile; fileRef = AAB0CD3017C4382D0085E913 /* LNRegularExpressionPattern.m */; };
		AAB0CD3417C448200085E913 /* LNRegularExpressionPattern+type.m in Sources */ = {isa = PBXBuildFile; fileRef = AAB0CD3317C448200085E913 /* LNRegularExpressionPattern+type.m */; };
		AAB0CD3617C46A730085E913 /* LNDetector.m in Sources */ = {isa = PBXBuildFile; fileRef = AA470D5A17C3CFEC005CBB7F /* LNDetector.m */; };
		AAB0CD3717C46B070085E913 /* LNEntity.m in Sources */ = {isa = PBXBuildFile; fileRef = AA470D5D17C3D05D005CBB7F /* LNEntity.m */; };
		AAB0CD3817C46B070085E913 /* LNRegularExpressionPattern.m in Sources */ = {isa = PBXBuildFile; fileRef = AAB0CD3017C4382D0085E913 /* LNRegularExpressionPattern.m */; };
		AAB0CD3917C46B070085E913 /* LNRegularExpressionPattern+type.m in Sources */ = {isa = PBXBuildFile; fileRef = AAB0CD3317C448200085E913 /* LNRegularExpressionPattern+type.m */; };
		AAB0CD3C17C477030085E913 /* LNDetectorTestSet.m in Sources */ = {isa = PBXBuildFile; fileRef = AAB0CD3B17C477030085E913 /* LNDetectorTestSet.m */; };
		AADDDA9417C49D4800BBA67C /* NSBundle+versions.m in Sources */ = {isa = PBXBuildFile; fileRef = AADDDA9317C49D4800BBA67C /* NSBundle+versions.m */; };
		AADEADB317C7B6D3001E0C65 /* LNLocalizationTests.m in Sources */ = {isa = PBXBuildFile; fileRef = AADEADB217C7B6D3001E0C65 /* LNLocalizationTests.m */; };
		AADEADB417C7B838001E0C65 /* LNLocalization.m in Sources */ = {isa = PBXBuildFile; fileRef = AA7D4DB317C74D0A0092DF8A /* LNLocalization.m */; };
		AADEADB717C87298001E0C65 /* IDEIndex+Lin.m in Sources */ = {isa = PBXBuildFile; fileRef = AADEADB617C87298001E0C65 /* IDEIndex+Lin.m */; };
		AADEADC017C87392001E0C65 /* MethodSwizzle.m in Sources */ = {isa = PBXBuildFile; fileRef = AADEADBF17C87392001E0C65 /* MethodSwizzle.m */; };
		AAF0D6AB17ECB87100B4318B /* LNTableView.m in Sources */ = {isa = PBXBuildFile; fileRef = AAF0D6AA17ECB87100B4318B /* LNTableView.m */; };
		AAF0D6AE17ECB89800B4318B /* LNTableHeaderCell.m in Sources */ = {isa = PBXBuildFile; fileRef = AAF0D6AD17ECB89800B4318B /* LNTableHeaderCell.m */; };
		AAF0D6B117ECC4AF00B4318B /* LNTableCornerView.m in Sources */ = {isa = PBXBuildFile; fileRef = AAF0D6B017ECC4AF00B4318B /* LNTableCornerView.m */; };
		AAF0D6B417ECD8EC00B4318B /* LNButtonCell.m in Sources */ = {isa = PBXBuildFile; fileRef = AAF0D6B317ECD8EC00B4318B /* LNButtonCell.m */; };
		AAFE3C3F17EECF4A0018E478 /* Localizable.strings in Resources */ = {isa = PBXBuildFile; fileRef = AAFE3C3E17EECF4A0018E478 /* Localizable.strings */; };
		AAFE3C4117EED36C0018E478 /* LNLocalizationCollection.m in Sources */ = {isa = PBXBuildFile; fileRef = AA7D4DB017C74CFE0092DF8A /* LNLocalizationCollection.m */; };
		F5859DBD18CABC2A009AF108 /* LNLocalizedStringCollectionOperation.m in Sources */ = {isa = PBXBuildFile; fileRef = F5859DBC18CABC2A009AF108 /* LNLocalizedStringCollectionOperation.m */; };
/* End PBXBuildFile section */

/* Begin PBXContainerItemProxy section */
		AA470D6F17C3D380005CBB7F /* PBXContainerItemProxy */ = {
			isa = PBXContainerItemProxy;
			containerPortal = AA1B7D9B17C3C1EC00A3A6D7 /* Project object */;
			proxyType = 1;
			remoteGlobalIDString = AA1B7DA217C3C1EC00A3A6D7;
			remoteInfo = Lin;
		};
/* End PBXContainerItemProxy section */

/* Begin PBXFileReference section */
		AA02CE8A17EE08240041C2BD /* LNAlertAccessoryView.xib */ = {isa = PBXFileReference; fileEncoding = 4; lastKnownFileType = file.xib; path = LNAlertAccessoryView.xib; sourceTree = "<group>"; };
		AA02CE8C17EE083A0041C2BD /* LNAlertAccessoryView.h */ = {isa = PBXFileReference; fileEncoding = 4; lastKnownFileType = sourcecode.c.h; path = LNAlertAccessoryView.h; sourceTree = "<group>"; };
		AA02CE8D17EE083A0041C2BD /* LNAlertAccessoryView.m */ = {isa = PBXFileReference; fileEncoding = 4; lastKnownFileType = sourcecode.c.objc; path = LNAlertAccessoryView.m; sourceTree = "<group>"; };
		AA11AC4017C66F0200889DFB /* DVTFilePath.h */ = {isa = PBXFileReference; fileEncoding = 4; lastKnownFileType = sourcecode.c.h; path = DVTFilePath.h; sourceTree = "<group>"; };
		AA11AC4317C6746800889DFB /* IDEIndex.h */ = {isa = PBXFileReference; fileEncoding = 4; lastKnownFileType = sourcecode.c.h; path = IDEIndex.h; sourceTree = "<group>"; };
		AA11AC4617C6755400889DFB /* IDEIndexCollection.h */ = {isa = PBXFileReference; fileEncoding = 4; lastKnownFileType = sourcecode.c.h; path = IDEIndexCollection.h; sourceTree = "<group>"; };
		AA1B7DA317C3C1EC00A3A6D7 /* Lin.xcplugin */ = {isa = PBXFileReference; explicitFileType = wrapper.cfbundle; includeInIndex = 0; path = Lin.xcplugin; sourceTree = BUILT_PRODUCTS_DIR; };
		AA1B7DA617C3C1EC00A3A6D7 /* Cocoa.framework */ = {isa = PBXFileReference; lastKnownFileType = wrapper.framework; name = Cocoa.framework; path = System/Library/Frameworks/Cocoa.framework; sourceTree = SDKROOT; };
		AA1B7DA917C3C1EC00A3A6D7 /* Foundation.framework */ = {isa = PBXFileReference; lastKnownFileType = wrapper.framework; name = Foundation.framework; path = System/Library/Frameworks/Foundation.framework; sourceTree = SDKROOT; };
		AA1B7DAA17C3C1EC00A3A6D7 /* CoreData.framework */ = {isa = PBXFileReference; lastKnownFileType = wrapper.framework; name = CoreData.framework; path = System/Library/Frameworks/CoreData.framework; sourceTree = SDKROOT; };
		AA1B7DAB17C3C1EC00A3A6D7 /* AppKit.framework */ = {isa = PBXFileReference; lastKnownFileType = wrapper.framework; name = AppKit.framework; path = System/Library/Frameworks/AppKit.framework; sourceTree = SDKROOT; };
		AA1B7DAE17C3C1EC00A3A6D7 /* Lin-Info.plist */ = {isa = PBXFileReference; lastKnownFileType = text.plist.xml; path = "Lin-Info.plist"; sourceTree = "<group>"; };
		AA1B7DB017C3C1EC00A3A6D7 /* en */ = {isa = PBXFileReference; lastKnownFileType = text.plist.strings; name = en; path = en.lproj/InfoPlist.strings; sourceTree = "<group>"; };
		AA1B7DB217C3C1EC00A3A6D7 /* Lin-Prefix.pch */ = {isa = PBXFileReference; lastKnownFileType = sourcecode.c.h; path = "Lin-Prefix.pch"; sourceTree = "<group>"; };
		AA1B7DB817C3C20F00A3A6D7 /* Lin.h */ = {isa = PBXFileReference; fileEncoding = 4; lastKnownFileType = sourcecode.c.h; path = Lin.h; sourceTree = "<group>"; };
		AA1B7DB917C3C20F00A3A6D7 /* Lin.m */ = {isa = PBXFileReference; fileEncoding = 4; lastKnownFileType = sourcecode.c.objc; path = Lin.m; sourceTree = "<group>"; };
		AA20D87D17ECB12A006B7CA2 /* NSPopoverFrame+Lin.h */ = {isa = PBXFileReference; fileEncoding = 4; lastKnownFileType = sourcecode.c.h; path = "NSPopoverFrame+Lin.h"; sourceTree = "<group>"; };
		AA20D87E17ECB12A006B7CA2 /* NSPopoverFrame+Lin.m */ = {isa = PBXFileReference; fileEncoding = 4; lastKnownFileType = sourcecode.c.objc; path = "NSPopoverFrame+Lin.m"; sourceTree = "<group>"; };
		AA20D88017ECB1AD006B7CA2 /* NSPopoverFrame.h */ = {isa = PBXFileReference; lastKnownFileType = sourcecode.c.h; path = NSPopoverFrame.h; sourceTree = "<group>"; };
		AA2980B217EE2C5300CF46E3 /* LNUserDefaultsManager.h */ = {isa = PBXFileReference; fileEncoding = 4; lastKnownFileType = sourcecode.c.h; path = LNUserDefaultsManager.h; sourceTree = "<group>"; };
		AA2980B317EE2C5300CF46E3 /* LNUserDefaultsManager.m */ = {isa = PBXFileReference; fileEncoding = 4; lastKnownFileType = sourcecode.c.objc; path = LNUserDefaultsManager.m; sourceTree = "<group>"; };
		AA36376417D9EF9E003C5E55 /* LNPopoverContentView.h */ = {isa = PBXFileReference; fileEncoding = 4; lastKnownFileType = sourcecode.c.h; path = LNPopoverContentView.h; sourceTree = "<group>"; };
		AA36376517D9EF9E003C5E55 /* LNPopoverContentView.m */ = {isa = PBXFileReference; fileEncoding = 4; lastKnownFileType = sourcecode.c.objc; path = LNPopoverContentView.m; sourceTree = "<group>"; };
		AA3EC36D17EB2A290003A180 /* DVTFoundation.framework */ = {isa = PBXFileReference; lastKnownFileType = wrapper.framework; name = DVTFoundation.framework; path = ../../../../Applications/Xcode.app/Contents/SharedFrameworks/DVTFoundation.framework; sourceTree = "<group>"; };
		AA3EC36E17EB2A290003A180 /* DVTKit.framework */ = {isa = PBXFileReference; lastKnownFileType = wrapper.framework; name = DVTKit.framework; path = ../../../../Applications/Xcode.app/Contents/SharedFrameworks/DVTKit.framework; sourceTree = "<group>"; };
		AA3EC37117EB2A380003A180 /* IDEFoundation.framework */ = {isa = PBXFileReference; lastKnownFileType = wrapper.framework; name = IDEFoundation.framework; path = ../../../../Applications/Xcode.app/Contents/Frameworks/IDEFoundation.framework; sourceTree = "<group>"; };
		AA3EC37217EB2A380003A180 /* IDEKit.framework */ = {isa = PBXFileReference; lastKnownFileType = wrapper.framework; name = IDEKit.framework; path = ../../../../Applications/Xcode.app/Contents/Frameworks/IDEKit.framework; sourceTree = "<group>"; };
		AA470D5917C3CFEC005CBB7F /* LNDetector.h */ = {isa = PBXFileReference; fileEncoding = 4; lastKnownFileType = sourcecode.c.h; path = LNDetector.h; sourceTree = "<group>"; };
		AA470D5A17C3CFEC005CBB7F /* LNDetector.m */ = {isa = PBXFileReference; fileEncoding = 4; lastKnownFileType = sourcecode.c.objc; path = LNDetector.m; sourceTree = "<group>"; };
		AA470D5C17C3D05D005CBB7F /* LNEntity.h */ = {isa = PBXFileReference; fileEncoding = 4; lastKnownFileType = sourcecode.c.h; path = LNEntity.h; sourceTree = "<group>"; };
		AA470D5D17C3D05D005CBB7F /* LNEntity.m */ = {isa = PBXFileReference; fileEncoding = 4; lastKnownFileType = sourcecode.c.objc; path = LNEntity.m; sourceTree = "<group>"; };
		AA470D6317C3D380005CBB7F /* LinTests.xctest */ = {isa = PBXFileReference; explicitFileType = wrapper.cfbundle; includeInIndex = 0; path = LinTests.xctest; sourceTree = BUILT_PRODUCTS_DIR; };
		AA470D6417C3D380005CBB7F /* XCTest.framework */ = {isa = PBXFileReference; lastKnownFileType = wrapper.framework; name = XCTest.framework; path = Library/Frameworks/XCTest.framework; sourceTree = DEVELOPER_DIR; };
		AA470D6817C3D380005CBB7F /* LinTests-Info.plist */ = {isa = PBXFileReference; lastKnownFileType = text.plist.xml; path = "LinTests-Info.plist"; sourceTree = "<group>"; };
		AA470D6A17C3D380005CBB7F /* en */ = {isa = PBXFileReference; lastKnownFileType = text.plist.strings; name = en; path = en.lproj/InfoPlist.strings; sourceTree = "<group>"; };
		AA470D6E17C3D380005CBB7F /* LinTests-Prefix.pch */ = {isa = PBXFileReference; lastKnownFileType = sourcecode.c.h; path = "LinTests-Prefix.pch"; sourceTree = "<group>"; };
		AA470D7C17C3DE31005CBB7F /* LNDetectorTests.m */ = {isa = PBXFileReference; fileEncoding = 4; lastKnownFileType = sourcecode.c.objc; path = LNDetectorTests.m; sourceTree = "<group>"; };
		AA6377CC18C5CCFC005EADC7 /* LNImageButtonCell.h */ = {isa = PBXFileReference; fileEncoding = 4; lastKnownFileType = sourcecode.c.h; path = LNImageButtonCell.h; sourceTree = "<group>"; };
		AA6377CD18C5CCFC005EADC7 /* LNImageButtonCell.m */ = {isa = PBXFileReference; fileEncoding = 4; lastKnownFileType = sourcecode.c.objc; path = LNImageButtonCell.m; sourceTree = "<group>"; };
		AA63897118C6019A0061C2C4 /* icon_plus@2x.png */ = {isa = PBXFileReference; lastKnownFileType = image.png; path = "icon_plus@2x.png"; sourceTree = "<group>"; };
		AA63897218C6019A0061C2C4 /* icon_minus.png */ = {isa = PBXFileReference; lastKnownFileType = image.png; path = icon_minus.png; sourceTree = "<group>"; };
		AA63897318C6019A0061C2C4 /* icon_minus@2x.png */ = {isa = PBXFileReference; lastKnownFileType = image.png; path = "icon_minus@2x.png"; sourceTree = "<group>"; };
		AA63897418C6019A0061C2C4 /* icon120.png */ = {isa = PBXFileReference; lastKnownFileType = image.png; path = icon120.png; sourceTree = "<group>"; };
		AA63897518C6019A0061C2C4 /* icon_plus.png */ = {isa = PBXFileReference; lastKnownFileType = image.png; path = icon_plus.png; sourceTree = "<group>"; };
		AA63897618C6019A0061C2C4 /* icon_detach@2x.png */ = {isa = PBXFileReference; lastKnownFileType = image.png; path = "icon_detach@2x.png"; sourceTree = "<group>"; };
		AA63897718C6019A0061C2C4 /* icon120@2x.png */ = {isa = PBXFileReference; lastKnownFileType = image.png; path = "icon120@2x.png"; sourceTree = "<group>"; };
		AA63897818C6019A0061C2C4 /* icon_detach.png */ = {isa = PBXFileReference; lastKnownFileType = image.png; path = icon_detach.png; sourceTree = "<group>"; };
		AA7B0CAD17F4228E0004FE3B /* DVTDualProxyWindow.h */ = {isa = PBXFileReference; fileEncoding = 4; lastKnownFileType = sourcecode.c.h; path = DVTDualProxyWindow.h; sourceTree = "<group>"; };
		AA7B0CB017F4229D0004FE3B /* IDEWorkspaceWindow.h */ = {isa = PBXFileReference; fileEncoding = 4; lastKnownFileType = sourcecode.c.h; path = IDEWorkspaceWindow.h; sourceTree = "<group>"; };
		AA7B0CB317F422BB0004FE3B /* DVTSourceTextView.h */ = {isa = PBXFileReference; fileEncoding = 4; lastKnownFileType = sourcecode.c.h; path = DVTSourceTextView.h; sourceTree = "<group>"; };
		AA7D4DAF17C74CFE0092DF8A /* LNLocalizationCollection.h */ = {isa = PBXFileReference; fileEncoding = 4; lastKnownFileType = sourcecode.c.h; path = LNLocalizationCollection.h; sourceTree = "<group>"; };
		AA7D4DB017C74CFE0092DF8A /* LNLocalizationCollection.m */ = {isa = PBXFileReference; fileEncoding = 4; lastKnownFileType = sourcecode.c.objc; path = LNLocalizationCollection.m; sourceTree = "<group>"; };
		AA7D4DB217C74D0A0092DF8A /* LNLocalization.h */ = {isa = PBXFileReference; fileEncoding = 4; lastKnownFileType = sourcecode.c.h; path = LNLocalization.h; sourceTree = "<group>"; };
		AA7D4DB317C74D0A0092DF8A /* LNLocalization.m */ = {isa = PBXFileReference; fileEncoding = 4; lastKnownFileType = sourcecode.c.objc; path = LNLocalization.m; sourceTree = "<group>"; };
		AA8F8EEE17EDFC68004964FB /* NSTableView+editedColumnIdentifier.h */ = {isa = PBXFileReference; fileEncoding = 4; lastKnownFileType = sourcecode.c.h; path = "NSTableView+editedColumnIdentifier.h"; sourceTree = "<group>"; };
		AA8F8EEF17EDFC68004964FB /* NSTableView+editedColumnIdentifier.m */ = {isa = PBXFileReference; fileEncoding = 4; lastKnownFileType = sourcecode.c.objc; path = "NSTableView+editedColumnIdentifier.m"; sourceTree = "<group>"; };
		AA93691517C4E4C000E94318 /* IDEWorkspace.h */ = {isa = PBXFileReference; fileEncoding = 4; lastKnownFileType = sourcecode.c.h; path = IDEWorkspace.h; sourceTree = "<group>"; };
		AA95FDEB17EB48A9007D33D4 /* LNPopoverContentView.xib */ = {isa = PBXFileReference; fileEncoding = 4; lastKnownFileType = file.xib; path = LNPopoverContentView.xib; sourceTree = "<group>"; };
		AA95FDED17EB4E77007D33D4 /* LNPopoverWindowController.h */ = {isa = PBXFileReference; fileEncoding = 4; lastKnownFileType = sourcecode.c.h; path = LNPopoverWindowController.h; sourceTree = "<group>"; };
		AA95FDEE17EB4E77007D33D4 /* LNPopoverWindowController.m */ = {isa = PBXFileReference; fileEncoding = 4; lastKnownFileType = sourcecode.c.objc; path = LNPopoverWindowController.m; sourceTree = "<group>"; };
		AAAC873117ED9D4F00BF251D /* LNHorizontalLine.h */ = {isa = PBXFileReference; fileEncoding = 4; lastKnownFileType = sourcecode.c.h; path = LNHorizontalLine.h; sourceTree = "<group>"; };
		AAAC873217ED9D4F00BF251D /* LNHorizontalLine.m */ = {isa = PBXFileReference; fileEncoding = 4; lastKnownFileType = sourcecode.c.objc; path = LNHorizontalLine.m; sourceTree = "<group>"; };
		AAAC873917EDA9CF00BF251D /* LNPopoverWindow.h */ = {isa = PBXFileReference; fileEncoding = 4; lastKnownFileType = sourcecode.c.h; path = LNPopoverWindow.h; sourceTree = "<group>"; };
		AAAC873A17EDA9CF00BF251D /* LNPopoverWindow.m */ = {isa = PBXFileReference; fileEncoding = 4; lastKnownFileType = sourcecode.c.objc; path = LNPopoverWindow.m; sourceTree = "<group>"; };
		AAB0CD2F17C4382D0085E913 /* LNRegularExpressionPattern.h */ = {isa = PBXFileReference; fileEncoding = 4; lastKnownFileType = sourcecode.c.h; path = LNRegularExpressionPattern.h; sourceTree = "<group>"; };
		AAB0CD3017C4382D0085E913 /* LNRegularExpressionPattern.m */ = {isa = PBXFileReference; fileEncoding = 4; lastKnownFileType = sourcecode.c.objc; path = LNRegularExpressionPattern.m; sourceTree = "<group>"; };
		AAB0CD3217C448200085E913 /* LNRegularExpressionPattern+type.h */ = {isa = PBXFileReference; fileEncoding = 4; lastKnownFileType = sourcecode.c.h; path = "LNRegularExpressionPattern+type.h"; sourceTree = "<group>"; };
		AAB0CD3317C448200085E913 /* LNRegularExpressionPattern+type.m */ = {isa = PBXFileReference; fileEncoding = 4; lastKnownFileType = sourcecode.c.objc; path = "LNRegularExpressionPattern+type.m"; sourceTree = "<group>"; };
		AAB0CD3A17C477030085E913 /* LNDetectorTestSet.h */ = {isa = PBXFileReference; fileEncoding = 4; lastKnownFileType = sourcecode.c.h; path = LNDetectorTestSet.h; sourceTree = "<group>"; };
		AAB0CD3B17C477030085E913 /* LNDetectorTestSet.m */ = {isa = PBXFileReference; fileEncoding = 4; lastKnownFileType = sourcecode.c.objc; path = LNDetectorTestSet.m; sourceTree = "<group>"; };
		AADDDA9217C49D4800BBA67C /* NSBundle+versions.h */ = {isa = PBXFileReference; fileEncoding = 4; lastKnownFileType = sourcecode.c.h; path = "NSBundle+versions.h"; sourceTree = "<group>"; };
		AADDDA9317C49D4800BBA67C /* NSBundle+versions.m */ = {isa = PBXFileReference; fileEncoding = 4; lastKnownFileType = sourcecode.c.objc; path = "NSBundle+versions.m"; sourceTree = "<group>"; };
		AADEADB217C7B6D3001E0C65 /* LNLocalizationTests.m */ = {isa = PBXFileReference; fileEncoding = 4; lastKnownFileType = sourcecode.c.objc; path = LNLocalizationTests.m; sourceTree = "<group>"; };
		AADEADB517C87298001E0C65 /* IDEIndex+Lin.h */ = {isa = PBXFileReference; fileEncoding = 4; lastKnownFileType = sourcecode.c.h; path = "IDEIndex+Lin.h"; sourceTree = "<group>"; };
		AADEADB617C87298001E0C65 /* IDEIndex+Lin.m */ = {isa = PBXFileReference; fileEncoding = 4; lastKnownFileType = sourcecode.c.objc; path = "IDEIndex+Lin.m"; sourceTree = "<group>"; };
		AADEADBB17C872EB001E0C65 /* IDEEditorDocument.h */ = {isa = PBXFileReference; fileEncoding = 4; lastKnownFileType = sourcecode.c.h; path = IDEEditorDocument.h; sourceTree = "<group>"; };
		AADEADBE17C87392001E0C65 /* MethodSwizzle.h */ = {isa = PBXFileReference; fileEncoding = 4; lastKnownFileType = sourcecode.c.h; path = MethodSwizzle.h; sourceTree = "<group>"; };
		AADEADBF17C87392001E0C65 /* MethodSwizzle.m */ = {isa = PBXFileReference; fileEncoding = 4; lastKnownFileType = sourcecode.c.objc; path = MethodSwizzle.m; sourceTree = "<group>"; };
		AAF0D6A917ECB87100B4318B /* LNTableView.h */ = {isa = PBXFileReference; fileEncoding = 4; lastKnownFileType = sourcecode.c.h; path = LNTableView.h; sourceTree = "<group>"; };
		AAF0D6AA17ECB87100B4318B /* LNTableView.m */ = {isa = PBXFileReference; fileEncoding = 4; lastKnownFileType = sourcecode.c.objc; path = LNTableView.m; sourceTree = "<group>"; };
		AAF0D6AC17ECB89800B4318B /* LNTableHeaderCell.h */ = {isa = PBXFileReference; fileEncoding = 4; lastKnownFileType = sourcecode.c.h; path = LNTableHeaderCell.h; sourceTree = "<group>"; };
		AAF0D6AD17ECB89800B4318B /* LNTableHeaderCell.m */ = {isa = PBXFileReference; fileEncoding = 4; lastKnownFileType = sourcecode.c.objc; path = LNTableHeaderCell.m; sourceTree = "<group>"; };
		AAF0D6AF17ECC4AF00B4318B /* LNTableCornerView.h */ = {isa = PBXFileReference; fileEncoding = 4; lastKnownFileType = sourcecode.c.h; path = LNTableCornerView.h; sourceTree = "<group>"; };
		AAF0D6B017ECC4AF00B4318B /* LNTableCornerView.m */ = {isa = PBXFileReference; fileEncoding = 4; lastKnownFileType = sourcecode.c.objc; path = LNTableCornerView.m; sourceTree = "<group>"; };
		AAF0D6B217ECD8EC00B4318B /* LNButtonCell.h */ = {isa = PBXFileReference; fileEncoding = 4; lastKnownFileType = sourcecode.c.h; path = LNButtonCell.h; sourceTree = "<group>"; };
		AAF0D6B317ECD8EC00B4318B /* LNButtonCell.m */ = {isa = PBXFileReference; fileEncoding = 4; lastKnownFileType = sourcecode.c.objc; path = LNButtonCell.m; sourceTree = "<group>"; };
		AAFE3C3E17EECF4A0018E478 /* Localizable.strings */ = {isa = PBXFileReference; fileEncoding = 4; lastKnownFileType = text.plist.strings; path = Localizable.strings; sourceTree = "<group>"; };
		F5859DBB18CABC2A009AF108 /* LNLocalizedStringCollectionOperation.h */ = {isa = PBXFileReference; fileEncoding = 4; lastKnownFileType = sourcecode.c.h; path = LNLocalizedStringCollectionOperation.h; sourceTree = "<group>"; };
		F5859DBC18CABC2A009AF108 /* LNLocalizedStringCollectionOperation.m */ = {isa = PBXFileReference; fileEncoding = 4; lastKnownFileType = sourcecode.c.objc; path = LNLocalizedStringCollectionOperation.m; sourceTree = "<group>"; };
/* End PBXFileReference section */

/* Begin PBXFrameworksBuildPhase section */
		AA1B7DA017C3C1EC00A3A6D7 /* Frameworks */ = {
			isa = PBXFrameworksBuildPhase;
			buildActionMask = 2147483647;
			files = (
				AA3EC37317EB2A380003A180 /* IDEFoundation.framework in Frameworks */,
				AA3EC37417EB2A380003A180 /* IDEKit.framework in Frameworks */,
				AA3EC36F17EB2A290003A180 /* DVTFoundation.framework in Frameworks */,
				AA3EC37017EB2A290003A180 /* DVTKit.framework in Frameworks */,
				AA1B7DA717C3C1EC00A3A6D7 /* Cocoa.framework in Frameworks */,
			);
			runOnlyForDeploymentPostprocessing = 0;
		};
		AA470D6017C3D380005CBB7F /* Frameworks */ = {
			isa = PBXFrameworksBuildPhase;
			buildActionMask = 2147483647;
			files = (
				AA470D6517C3D380005CBB7F /* XCTest.framework in Frameworks */,
			);
			runOnlyForDeploymentPostprocessing = 0;
		};
/* End PBXFrameworksBuildPhase section */

/* Begin PBXGroup section */
		AA1B7D9A17C3C1EC00A3A6D7 = {
			isa = PBXGroup;
			children = (
				AA1B7DAC17C3C1EC00A3A6D7 /* Lin */,
				AA470D6617C3D380005CBB7F /* LinTests */,
				AA1B7DA517C3C1EC00A3A6D7 /* Frameworks */,
				AA1B7DA417C3C1EC00A3A6D7 /* Products */,
			);
			sourceTree = "<group>";
		};
		AA1B7DA417C3C1EC00A3A6D7 /* Products */ = {
			isa = PBXGroup;
			children = (
				AA1B7DA317C3C1EC00A3A6D7 /* Lin.xcplugin */,
				AA470D6317C3D380005CBB7F /* LinTests.xctest */,
			);
			name = Products;
			sourceTree = "<group>";
		};
		AA1B7DA517C3C1EC00A3A6D7 /* Frameworks */ = {
			isa = PBXGroup;
			children = (
				AA3EC37117EB2A380003A180 /* IDEFoundation.framework */,
				AA3EC37217EB2A380003A180 /* IDEKit.framework */,
				AA3EC36D17EB2A290003A180 /* DVTFoundation.framework */,
				AA3EC36E17EB2A290003A180 /* DVTKit.framework */,
				AA1B7DA617C3C1EC00A3A6D7 /* Cocoa.framework */,
				AA470D6417C3D380005CBB7F /* XCTest.framework */,
				AA1B7DA817C3C1EC00A3A6D7 /* Other Frameworks */,
			);
			name = Frameworks;
			sourceTree = "<group>";
		};
		AA1B7DA817C3C1EC00A3A6D7 /* Other Frameworks */ = {
			isa = PBXGroup;
			children = (
				AA1B7DA917C3C1EC00A3A6D7 /* Foundation.framework */,
				AA1B7DAA17C3C1EC00A3A6D7 /* CoreData.framework */,
				AA1B7DAB17C3C1EC00A3A6D7 /* AppKit.framework */,
			);
			name = "Other Frameworks";
			sourceTree = "<group>";
		};
		AA1B7DAC17C3C1EC00A3A6D7 /* Lin */ = {
			isa = PBXGroup;
			children = (
				AA93691817C4E4C700E94318 /* Xcode-Private-Classes */,
				AA20D88117ECB467006B7CA2 /* AppKit-Private-Classes */,
				AADDDA9517C49D4D00BBA67C /* Categories */,
				AA2980B517EE2CF600CF46E3 /* Shared */,
				AA470D7817C3DD42005CBB7F /* Models */,
				AADDDAA017C4A3BA00BBA67C /* Views */,
				AADDDA9C17C4A0E200BBA67C /* Controllers */,
				AA1B7DB817C3C20F00A3A6D7 /* Lin.h */,
				AA1B7DB917C3C20F00A3A6D7 /* Lin.m */,
				AADDDA9B17C4A0DA00BBA67C /* Resources */,
				AA1B7DAD17C3C1EC00A3A6D7 /* Supporting Files */,
			);
			path = Lin;
			sourceTree = "<group>";
		};
		AA1B7DAD17C3C1EC00A3A6D7 /* Supporting Files */ = {
			isa = PBXGroup;
			children = (
				AA1B7DAE17C3C1EC00A3A6D7 /* Lin-Info.plist */,
				AA1B7DAF17C3C1EC00A3A6D7 /* InfoPlist.strings */,
				AA1B7DB217C3C1EC00A3A6D7 /* Lin-Prefix.pch */,
			);
			name = "Supporting Files";
			sourceTree = "<group>";
		};
		AA20D88117ECB467006B7CA2 /* AppKit-Private-Classes */ = {
			isa = PBXGroup;
			children = (
				AA20D88017ECB1AD006B7CA2 /* NSPopoverFrame.h */,
			);
			name = "AppKit-Private-Classes";
			sourceTree = "<group>";
		};
		AA2980B517EE2CF600CF46E3 /* Shared */ = {
			isa = PBXGroup;
			children = (
				AA2980B217EE2C5300CF46E3 /* LNUserDefaultsManager.h */,
				AA2980B317EE2C5300CF46E3 /* LNUserDefaultsManager.m */,
				F5859DBB18CABC2A009AF108 /* LNLocalizedStringCollectionOperation.h */,
				F5859DBC18CABC2A009AF108 /* LNLocalizedStringCollectionOperation.m */,
			);
			name = Shared;
			sourceTree = "<group>";
		};
		AA470D6617C3D380005CBB7F /* LinTests */ = {
			isa = PBXGroup;
			children = (
				AAB0CD3D17C478EF0085E913 /* Models */,
				AA470D7C17C3DE31005CBB7F /* LNDetectorTests.m */,
				AADEADB217C7B6D3001E0C65 /* LNLocalizationTests.m */,
				AAFE3C4017EED0950018E478 /* Resources */,
				AA470D6717C3D380005CBB7F /* Supporting Files */,
			);
			path = LinTests;
			sourceTree = "<group>";
		};
		AA470D6717C3D380005CBB7F /* Supporting Files */ = {
			isa = PBXGroup;
			children = (
				AA470D6817C3D380005CBB7F /* LinTests-Info.plist */,
				AA470D6917C3D380005CBB7F /* InfoPlist.strings */,
				AA470D6E17C3D380005CBB7F /* LinTests-Prefix.pch */,
			);
			name = "Supporting Files";
			sourceTree = "<group>";
		};
		AA470D7817C3DD42005CBB7F /* Models */ = {
			isa = PBXGroup;
			children = (
				AA470D5917C3CFEC005CBB7F /* LNDetector.h */,
				AA470D5A17C3CFEC005CBB7F /* LNDetector.m */,
				AA470D5C17C3D05D005CBB7F /* LNEntity.h */,
				AA470D5D17C3D05D005CBB7F /* LNEntity.m */,
				AAB0CD2F17C4382D0085E913 /* LNRegularExpressionPattern.h */,
				AAB0CD3017C4382D0085E913 /* LNRegularExpressionPattern.m */,
				AAB0CD3217C448200085E913 /* LNRegularExpressionPattern+type.h */,
				AAB0CD3317C448200085E913 /* LNRegularExpressionPattern+type.m */,
				AA7D4DAF17C74CFE0092DF8A /* LNLocalizationCollection.h */,
				AA7D4DB017C74CFE0092DF8A /* LNLocalizationCollection.m */,
				AA7D4DB217C74D0A0092DF8A /* LNLocalization.h */,
				AA7D4DB317C74D0A0092DF8A /* LNLocalization.m */,
			);
			name = Models;
			sourceTree = "<group>";
		};
		AA63898118C6019F0061C2C4 /* Images */ = {
			isa = PBXGroup;
			children = (
				AA63897118C6019A0061C2C4 /* icon_plus@2x.png */,
				AA63897518C6019A0061C2C4 /* icon_plus.png */,
				AA63897218C6019A0061C2C4 /* icon_minus.png */,
				AA63897318C6019A0061C2C4 /* icon_minus@2x.png */,
				AA63897618C6019A0061C2C4 /* icon_detach@2x.png */,
				AA63897818C6019A0061C2C4 /* icon_detach.png */,
				AA63897718C6019A0061C2C4 /* icon120@2x.png */,
				AA63897418C6019A0061C2C4 /* icon120.png */,
			);
			name = Images;
			sourceTree = "<group>";
		};
		AA93691817C4E4C700E94318 /* Xcode-Private-Classes */ = {
			isa = PBXGroup;
			children = (
				AA93691517C4E4C000E94318 /* IDEWorkspace.h */,
				AA11AC4017C66F0200889DFB /* DVTFilePath.h */,
				AA11AC4317C6746800889DFB /* IDEIndex.h */,
				AA11AC4617C6755400889DFB /* IDEIndexCollection.h */,
				AADEADBB17C872EB001E0C65 /* IDEEditorDocument.h */,
				AA7B0CAD17F4228E0004FE3B /* DVTDualProxyWindow.h */,
				AA7B0CB017F4229D0004FE3B /* IDEWorkspaceWindow.h */,
				AA7B0CB317F422BB0004FE3B /* DVTSourceTextView.h */,
			);
			name = "Xcode-Private-Classes";
			sourceTree = "<group>";
		};
		AAB0CD3D17C478EF0085E913 /* Models */ = {
			isa = PBXGroup;
			children = (
				AAB0CD3A17C477030085E913 /* LNDetectorTestSet.h */,
				AAB0CD3B17C477030085E913 /* LNDetectorTestSet.m */,
			);
			name = Models;
			sourceTree = "<group>";
		};
		AADDDA9517C49D4D00BBA67C /* Categories */ = {
			isa = PBXGroup;
			children = (
				AADEADBE17C87392001E0C65 /* MethodSwizzle.h */,
				AADEADBF17C87392001E0C65 /* MethodSwizzle.m */,
				AADDDA9217C49D4800BBA67C /* NSBundle+versions.h */,
				AADDDA9317C49D4800BBA67C /* NSBundle+versions.m */,
				AADEADB517C87298001E0C65 /* IDEIndex+Lin.h */,
				AADEADB617C87298001E0C65 /* IDEIndex+Lin.m */,
				AA20D87D17ECB12A006B7CA2 /* NSPopoverFrame+Lin.h */,
				AA20D87E17ECB12A006B7CA2 /* NSPopoverFrame+Lin.m */,
				AA8F8EEE17EDFC68004964FB /* NSTableView+editedColumnIdentifier.h */,
				AA8F8EEF17EDFC68004964FB /* NSTableView+editedColumnIdentifier.m */,
			);
			name = Categories;
			sourceTree = "<group>";
		};
		AADDDA9B17C4A0DA00BBA67C /* Resources */ = {
			isa = PBXGroup;
			children = (
				AA95FDEB17EB48A9007D33D4 /* LNPopoverContentView.xib */,
				AA02CE8A17EE08240041C2BD /* LNAlertAccessoryView.xib */,
				AA63898118C6019F0061C2C4 /* Images */,
			);
			name = Resources;
			sourceTree = "<group>";
		};
		AADDDA9C17C4A0E200BBA67C /* Controllers */ = {
			isa = PBXGroup;
			children = (
				AA95FDED17EB4E77007D33D4 /* LNPopoverWindowController.h */,
				AA95FDEE17EB4E77007D33D4 /* LNPopoverWindowController.m */,
			);
			name = Controllers;
			sourceTree = "<group>";
		};
		AADDDAA017C4A3BA00BBA67C /* Views */ = {
			isa = PBXGroup;
			children = (
				AAAC873917EDA9CF00BF251D /* LNPopoverWindow.h */,
				AAAC873A17EDA9CF00BF251D /* LNPopoverWindow.m */,
				AA36376417D9EF9E003C5E55 /* LNPopoverContentView.h */,
				AA36376517D9EF9E003C5E55 /* LNPopoverContentView.m */,
				AAF0D6A917ECB87100B4318B /* LNTableView.h */,
				AAF0D6AA17ECB87100B4318B /* LNTableView.m */,
				AAF0D6AF17ECC4AF00B4318B /* LNTableCornerView.h */,
				AAF0D6B017ECC4AF00B4318B /* LNTableCornerView.m */,
				AAF0D6AC17ECB89800B4318B /* LNTableHeaderCell.h */,
				AAF0D6AD17ECB89800B4318B /* LNTableHeaderCell.m */,
				AAF0D6B217ECD8EC00B4318B /* LNButtonCell.h */,
				AAF0D6B317ECD8EC00B4318B /* LNButtonCell.m */,
				AAAC873117ED9D4F00BF251D /* LNHorizontalLine.h */,
				AAAC873217ED9D4F00BF251D /* LNHorizontalLine.m */,
				AA02CE8C17EE083A0041C2BD /* LNAlertAccessoryView.h */,
				AA02CE8D17EE083A0041C2BD /* LNAlertAccessoryView.m */,
				AA6377CC18C5CCFC005EADC7 /* LNImageButtonCell.h */,
				AA6377CD18C5CCFC005EADC7 /* LNImageButtonCell.m */,
			);
			name = Views;
			sourceTree = "<group>";
		};
		AAFE3C4017EED0950018E478 /* Resources */ = {
			isa = PBXGroup;
			children = (
				AAFE3C3E17EECF4A0018E478 /* Localizable.strings */,
			);
			name = Resources;
			sourceTree = "<group>";
		};
/* End PBXGroup section */

/* Begin PBXNativeTarget section */
		AA1B7DA217C3C1EC00A3A6D7 /* Lin */ = {
			isa = PBXNativeTarget;
			buildConfigurationList = AA1B7DB517C3C1EC00A3A6D7 /* Build configuration list for PBXNativeTarget "Lin" */;
			buildPhases = (
				AA1B7D9F17C3C1EC00A3A6D7 /* Sources */,
				AA1B7DA017C3C1EC00A3A6D7 /* Frameworks */,
				AA1B7DA117C3C1EC00A3A6D7 /* Resources */,
			);
			buildRules = (
			);
			dependencies = (
			);
			name = Lin;
			productName = Lin;
			productReference = AA1B7DA317C3C1EC00A3A6D7 /* Lin.xcplugin */;
			productType = "com.apple.product-type.bundle";
		};
		AA470D6217C3D380005CBB7F /* LinTests */ = {
			isa = PBXNativeTarget;
			buildConfigurationList = AA470D7117C3D380005CBB7F /* Build configuration list for PBXNativeTarget "LinTests" */;
			buildPhases = (
				AA470D5F17C3D380005CBB7F /* Sources */,
				AA470D6017C3D380005CBB7F /* Frameworks */,
				AA470D6117C3D380005CBB7F /* Resources */,
			);
			buildRules = (
			);
			dependencies = (
				AA470D7017C3D380005CBB7F /* PBXTargetDependency */,
			);
			name = LinTests;
			productName = LinTests;
			productReference = AA470D6317C3D380005CBB7F /* LinTests.xctest */;
			productType = "com.apple.product-type.bundle.unit-test";
		};
/* End PBXNativeTarget section */

/* Begin PBXProject section */
		AA1B7D9B17C3C1EC00A3A6D7 /* Project object */ = {
			isa = PBXProject;
			attributes = {
				LastUpgradeCheck = 0500;
				ORGANIZATIONNAME = "Tanaka Katsuma";
				TargetAttributes = {
					AA470D6217C3D380005CBB7F = {
						TestTargetID = AA1B7DA217C3C1EC00A3A6D7;
					};
				};
			};
			buildConfigurationList = AA1B7D9E17C3C1EC00A3A6D7 /* Build configuration list for PBXProject "Lin" */;
			compatibilityVersion = "Xcode 3.2";
			developmentRegion = English;
			hasScannedForEncodings = 0;
			knownRegions = (
				en,
			);
			mainGroup = AA1B7D9A17C3C1EC00A3A6D7;
			productRefGroup = AA1B7DA417C3C1EC00A3A6D7 /* Products */;
			projectDirPath = "";
			projectRoot = "";
			targets = (
				AA1B7DA217C3C1EC00A3A6D7 /* Lin */,
				AA470D6217C3D380005CBB7F /* LinTests */,
			);
		};
/* End PBXProject section */

/* Begin PBXResourcesBuildPhase section */
		AA1B7DA117C3C1EC00A3A6D7 /* Resources */ = {
			isa = PBXResourcesBuildPhase;
			buildActionMask = 2147483647;
			files = (
				AA63897B18C6019A0061C2C4 /* icon_minus@2x.png in Resources */,
				AA63897F18C6019A0061C2C4 /* icon120@2x.png in Resources */,
				AA63898018C6019A0061C2C4 /* icon_detach.png in Resources */,
				AA63897A18C6019A0061C2C4 /* icon_minus.png in Resources */,
				AA95FDEC17EB48A9007D33D4 /* LNPopoverContentView.xib in Resources */,
				AA63897C18C6019A0061C2C4 /* icon120.png in Resources */,
				AA63897D18C6019A0061C2C4 /* icon_plus.png in Resources */,
				AA63897E18C6019A0061C2C4 /* icon_detach@2x.png in Resources */,
				AA63897918C6019A0061C2C4 /* icon_plus@2x.png in Resources */,
				AA02CE8B17EE08240041C2BD /* LNAlertAccessoryView.xib in Resources */,
				AA1B7DB117C3C1EC00A3A6D7 /* InfoPlist.strings in Resources */,
			);
			runOnlyForDeploymentPostprocessing = 0;
		};
		AA470D6117C3D380005CBB7F /* Resources */ = {
			isa = PBXResourcesBuildPhase;
			buildActionMask = 2147483647;
			files = (
				AA470D6B17C3D380005CBB7F /* InfoPlist.strings in Resources */,
				AAFE3C3F17EECF4A0018E478 /* Localizable.strings in Resources */,
			);
			runOnlyForDeploymentPostprocessing = 0;
		};
/* End PBXResourcesBuildPhase section */

/* Begin PBXSourcesBuildPhase section */
		AA1B7D9F17C3C1EC00A3A6D7 /* Sources */ = {
			isa = PBXSourcesBuildPhase;
			buildActionMask = 2147483647;
			files = (
				AA7D4DB117C74CFE0092DF8A /* LNLocalizationCollection.m in Sources */,
				AAF0D6B417ECD8EC00B4318B /* LNButtonCell.m in Sources */,
				AAF0D6B117ECC4AF00B4318B /* LNTableCornerView.m in Sources */,
				AAB0CD3417C448200085E913 /* LNRegularExpressionPattern+type.m in Sources */,
				AADDDA9417C49D4800BBA67C /* NSBundle+versions.m in Sources */,
				AAAC873B17EDA9CF00BF251D /* LNPopoverWindow.m in Sources */,
				AA8F8EF017EDFC68004964FB /* NSTableView+editedColumnIdentifier.m in Sources */,
				AA6377CE18C5CCFC005EADC7 /* LNImageButtonCell.m in Sources */,
				AA20D87F17ECB12A006B7CA2 /* NSPopoverFrame+Lin.m in Sources */,
				AA02CE8E17EE083A0041C2BD /* LNAlertAccessoryView.m in Sources */,
				AA36376617D9EF9E003C5E55 /* LNPopoverContentView.m in Sources */,
				AA470D5E17C3D05D005CBB7F /* LNEntity.m in Sources */,
				AA7D4DB417C74D0A0092DF8A /* LNLocalization.m in Sources */,
				AAB0CD3117C4382D0085E913 /* LNRegularExpressionPattern.m in Sources */,
				AA1B7DBA17C3C20F00A3A6D7 /* Lin.m in Sources */,
				AAF0D6AE17ECB89800B4318B /* LNTableHeaderCell.m in Sources */,
				AAAC873317ED9D4F00BF251D /* LNHorizontalLine.m in Sources */,
				AADEADB717C87298001E0C65 /* IDEIndex+Lin.m in Sources */,
				AAF0D6AB17ECB87100B4318B /* LNTableView.m in Sources */,
				AA2980B417EE2C5300CF46E3 /* LNUserDefaultsManager.m in Sources */,
				AA95FDEF17EB4E77007D33D4 /* LNPopoverWindowController.m in Sources */,
				AADEADC017C87392001E0C65 /* MethodSwizzle.m in Sources */,
				F5859DBD18CABC2A009AF108 /* LNLocalizedStringCollectionOperation.m in Sources */,
				AA470D5B17C3CFEC005CBB7F /* LNDetector.m in Sources */,
			);
			runOnlyForDeploymentPostprocessing = 0;
		};
		AA470D5F17C3D380005CBB7F /* Sources */ = {
			isa = PBXSourcesBuildPhase;
			buildActionMask = 2147483647;
			files = (
				AAFE3C4117EED36C0018E478 /* LNLocalizationCollection.m in Sources */,
				AADEADB417C7B838001E0C65 /* LNLocalization.m in Sources */,
				AAB0CD3C17C477030085E913 /* LNDetectorTestSet.m in Sources */,
				AAB0CD3717C46B070085E913 /* LNEntity.m in Sources */,
				AAB0CD3817C46B070085E913 /* LNRegularExpressionPattern.m in Sources */,
				AAB0CD3917C46B070085E913 /* LNRegularExpressionPattern+type.m in Sources */,
				AAB0CD3617C46A730085E913 /* LNDetector.m in Sources */,
				AA470D7D17C3DE31005CBB7F /* LNDetectorTests.m in Sources */,
				AADEADB317C7B6D3001E0C65 /* LNLocalizationTests.m in Sources */,
			);
			runOnlyForDeploymentPostprocessing = 0;
		};
/* End PBXSourcesBuildPhase section */

/* Begin PBXTargetDependency section */
		AA470D7017C3D380005CBB7F /* PBXTargetDependency */ = {
			isa = PBXTargetDependency;
			target = AA1B7DA217C3C1EC00A3A6D7 /* Lin */;
			targetProxy = AA470D6F17C3D380005CBB7F /* PBXContainerItemProxy */;
		};
/* End PBXTargetDependency section */

/* Begin PBXVariantGroup section */
		AA1B7DAF17C3C1EC00A3A6D7 /* InfoPlist.strings */ = {
			isa = PBXVariantGroup;
			children = (
				AA1B7DB017C3C1EC00A3A6D7 /* en */,
			);
			name = InfoPlist.strings;
			sourceTree = "<group>";
		};
		AA470D6917C3D380005CBB7F /* InfoPlist.strings */ = {
			isa = PBXVariantGroup;
			children = (
				AA470D6A17C3D380005CBB7F /* en */,
			);
			name = InfoPlist.strings;
			sourceTree = "<group>";
		};
/* End PBXVariantGroup section */

/* Begin XCBuildConfiguration section */
		AA1B7DB317C3C1EC00A3A6D7 /* Debug */ = {
			isa = XCBuildConfiguration;
			buildSettings = {
				ALWAYS_SEARCH_USER_PATHS = NO;
				CLANG_CXX_LANGUAGE_STANDARD = "gnu++0x";
				CLANG_CXX_LIBRARY = "libc++";
				CLANG_ENABLE_MODULES = YES;
				CLANG_ENABLE_OBJC_ARC = YES;
				CLANG_WARN_BOOL_CONVERSION = YES;
				CLANG_WARN_CONSTANT_CONVERSION = YES;
				CLANG_WARN_DIRECT_OBJC_ISA_USAGE = YES_ERROR;
				CLANG_WARN_EMPTY_BODY = YES;
				CLANG_WARN_ENUM_CONVERSION = YES;
				CLANG_WARN_INT_CONVERSION = YES;
				CLANG_WARN_OBJC_ROOT_CLASS = YES_ERROR;
				CLANG_WARN__DUPLICATE_METHOD_MATCH = YES;
				COPY_PHASE_STRIP = NO;
				GCC_C_LANGUAGE_STANDARD = gnu99;
				GCC_DYNAMIC_NO_PIC = NO;
				GCC_ENABLE_OBJC_EXCEPTIONS = YES;
				GCC_OPTIMIZATION_LEVEL = 0;
				GCC_PREPROCESSOR_DEFINITIONS = (
					"DEBUG=1",
					"$(inherited)",
				);
				GCC_SYMBOLS_PRIVATE_EXTERN = NO;
				GCC_WARN_64_TO_32_BIT_CONVERSION = YES;
				GCC_WARN_ABOUT_RETURN_TYPE = YES_ERROR;
				GCC_WARN_UNDECLARED_SELECTOR = YES;
				GCC_WARN_UNINITIALIZED_AUTOS = YES;
				GCC_WARN_UNUSED_FUNCTION = YES;
				GCC_WARN_UNUSED_VARIABLE = YES;
				MACOSX_DEPLOYMENT_TARGET = 10.7;
				ONLY_ACTIVE_ARCH = YES;
				SDKROOT = macosx;
			};
			name = Debug;
		};
		AA1B7DB417C3C1EC00A3A6D7 /* Release */ = {
			isa = XCBuildConfiguration;
			buildSettings = {
				ALWAYS_SEARCH_USER_PATHS = NO;
				CLANG_CXX_LANGUAGE_STANDARD = "gnu++0x";
				CLANG_CXX_LIBRARY = "libc++";
				CLANG_ENABLE_MODULES = YES;
				CLANG_ENABLE_OBJC_ARC = YES;
				CLANG_WARN_BOOL_CONVERSION = YES;
				CLANG_WARN_CONSTANT_CONVERSION = YES;
				CLANG_WARN_DIRECT_OBJC_ISA_USAGE = YES_ERROR;
				CLANG_WARN_EMPTY_BODY = YES;
				CLANG_WARN_ENUM_CONVERSION = YES;
				CLANG_WARN_INT_CONVERSION = YES;
				CLANG_WARN_OBJC_ROOT_CLASS = YES_ERROR;
				CLANG_WARN__DUPLICATE_METHOD_MATCH = YES;
				COPY_PHASE_STRIP = YES;
				DEBUG_INFORMATION_FORMAT = "dwarf-with-dsym";
				ENABLE_NS_ASSERTIONS = NO;
				GCC_C_LANGUAGE_STANDARD = gnu99;
				GCC_ENABLE_OBJC_EXCEPTIONS = YES;
				GCC_WARN_64_TO_32_BIT_CONVERSION = YES;
				GCC_WARN_ABOUT_RETURN_TYPE = YES_ERROR;
				GCC_WARN_UNDECLARED_SELECTOR = YES;
				GCC_WARN_UNINITIALIZED_AUTOS = YES;
				GCC_WARN_UNUSED_FUNCTION = YES;
				GCC_WARN_UNUSED_VARIABLE = YES;
				MACOSX_DEPLOYMENT_TARGET = 10.7;
				SDKROOT = macosx;
			};
			name = Release;
		};
		AA1B7DB617C3C1EC00A3A6D7 /* Debug */ = {
			isa = XCBuildConfiguration;
			buildSettings = {
				COMBINE_HIDPI_IMAGES = YES;
				DEPLOYMENT_LOCATION = YES;
				DSTROOT = "$(HOME)";
				FRAMEWORK_SEARCH_PATHS = (
					"$(inherited)",
					"$(SYSTEM_APPS_DIR)/Xcode.app/Contents/SharedFrameworks",
					"$(SYSTEM_APPS_DIR)/Xcode.app/Contents/Frameworks",
				);
				GCC_PRECOMPILE_PREFIX_HEADER = YES;
				GCC_PREFIX_HEADER = "Lin/Lin-Prefix.pch";
				INFOPLIST_FILE = "Lin/Lin-Info.plist";
				INSTALL_PATH = "/Library/Application Support/Developer/Shared/Xcode/Plug-ins";
				PRODUCT_NAME = "$(TARGET_NAME)";
				WRAPPER_EXTENSION = xcplugin;
			};
			name = Debug;
		};
		AA1B7DB717C3C1EC00A3A6D7 /* Release */ = {
			isa = XCBuildConfiguration;
			buildSettings = {
				COMBINE_HIDPI_IMAGES = YES;
				DEPLOYMENT_LOCATION = YES;
				DSTROOT = "$(HOME)";
				FRAMEWORK_SEARCH_PATHS = (
					"$(inherited)",
					"$(SYSTEM_APPS_DIR)/Xcode.app/Contents/SharedFrameworks",
					"$(SYSTEM_APPS_DIR)/Xcode.app/Contents/Frameworks",
				);
				GCC_PRECOMPILE_PREFIX_HEADER = YES;
				GCC_PREFIX_HEADER = "Lin/Lin-Prefix.pch";
				INFOPLIST_FILE = "Lin/Lin-Info.plist";
				INSTALL_PATH = "/Library/Application Support/Developer/Shared/Xcode/Plug-ins";
				PRODUCT_NAME = "$(TARGET_NAME)";
				WRAPPER_EXTENSION = xcplugin;
			};
			name = Release;
		};
		AA470D7217C3D380005CBB7F /* Debug */ = {
			isa = XCBuildConfiguration;
			buildSettings = {
				FRAMEWORK_SEARCH_PATHS = (
					"$(DEVELOPER_FRAMEWORKS_DIR)",
					"$(inherited)",
				);
				GCC_PRECOMPILE_PREFIX_HEADER = YES;
				GCC_PREFIX_HEADER = "LinTests/LinTests-Prefix.pch";
				GCC_PREPROCESSOR_DEFINITIONS = (
					"DEBUG=1",
					"$(inherited)",
				);
				INFOPLIST_FILE = "LinTests/LinTests-Info.plist";
				PRODUCT_NAME = "$(TARGET_NAME)";
				WRAPPER_EXTENSION = xctest;
			};
			name = Debug;
		};
		AA470D7317C3D380005CBB7F /* Release */ = {
			isa = XCBuildConfiguration;
			buildSettings = {
				FRAMEWORK_SEARCH_PATHS = (
					"$(DEVELOPER_FRAMEWORKS_DIR)",
					"$(inherited)",
				);
				GCC_PRECOMPILE_PREFIX_HEADER = YES;
				GCC_PREFIX_HEADER = "LinTests/LinTests-Prefix.pch";
				INFOPLIST_FILE = "LinTests/LinTests-Info.plist";
				PRODUCT_NAME = "$(TARGET_NAME)";
				WRAPPER_EXTENSION = xctest;
			};
			name = Release;
		};
/* End XCBuildConfiguration section */

/* Begin XCConfigurationList section */
		AA1B7D9E17C3C1EC00A3A6D7 /* Build configuration list for PBXProject "Lin" */ = {
			isa = XCConfigurationList;
			buildConfigurations = (
				AA1B7DB317C3C1EC00A3A6D7 /* Debug */,
				AA1B7DB417C3C1EC00A3A6D7 /* Release */,
			);
			defaultConfigurationIsVisible = 0;
			defaultConfigurationName = Release;
		};
		AA1B7DB517C3C1EC00A3A6D7 /* Build configuration list for PBXNativeTarget "Lin" */ = {
			isa = XCConfigurationList;
			buildConfigurations = (
				AA1B7DB617C3C1EC00A3A6D7 /* Debug */,
				AA1B7DB717C3C1EC00A3A6D7 /* Release */,
			);
			defaultConfigurationIsVisible = 0;
			defaultConfigurationName = Release;
		};
		AA470D7117C3D380005CBB7F /* Build configuration list for PBXNativeTarget "LinTests" */ = {
			isa = XCConfigurationList;
			buildConfigurations = (
				AA470D7217C3D380005CBB7F /* Debug */,
				AA470D7317C3D380005CBB7F /* Release */,
			);
			defaultConfigurationIsVisible = 0;
			defaultConfigurationName = Release;
		};
/* End XCConfigurationList section */
	};
	rootObject = AA1B7D9B17C3C1EC00A3A6D7 /* Project object */;
}
