// !$*UTF8*$!
{
	archiveVersion = 1;
	classes = {
	};
	objectVersion = 46;
	objects = {

/* Begin PBXBuildFile section */
		AA1313A31A82884B0080D488 /* MethodSwizzle.m in Sources */ = {isa = PBXBuildFile; fileRef = AA1313A21A82884B0080D488 /* MethodSwizzle.m */; };
		AA1313AA1A8289360080D488 /* DVTSourceTextView+Lin.m in Sources */ = {isa = PBXBuildFile; fileRef = AA1313A91A8289360080D488 /* DVTSourceTextView+Lin.m */; };
		AA1313AD1A8289D50080D488 /* IDEFoundation.framework in Frameworks */ = {isa = PBXBuildFile; fileRef = AA1313AB1A8289D50080D488 /* IDEFoundation.framework */; };
		AA1313AE1A8289D50080D488 /* IDEKit.framework in Frameworks */ = {isa = PBXBuildFile; fileRef = AA1313AC1A8289D50080D488 /* IDEKit.framework */; };
		AA1313B11A8289E00080D488 /* DVTFoundation.framework in Frameworks */ = {isa = PBXBuildFile; fileRef = AA1313AF1A8289E00080D488 /* DVTFoundation.framework */; };
		AA1313B21A8289E00080D488 /* DVTKit.framework in Frameworks */ = {isa = PBXBuildFile; fileRef = AA1313B01A8289E00080D488 /* DVTKit.framework */; };
		AA1313B41A8289E80080D488 /* Cocoa.framework in Frameworks */ = {isa = PBXBuildFile; fileRef = AA1313B31A8289E80080D488 /* Cocoa.framework */; };
		AA1DB1181A828CD500856B10 /* DVTTextCompletionController+Lin.m in Sources */ = {isa = PBXBuildFile; fileRef = AA1DB1171A828CD500856B10 /* DVTTextCompletionController+Lin.m */; };
		AA1DB1221A828FBF00856B10 /* LINTextCompletionItem.m in Sources */ = {isa = PBXBuildFile; fileRef = AA1DB1211A828FBF00856B10 /* LINTextCompletionItem.m */; };
		AA49B1961A8295F6003EA1A3 /* IDEWorkspace+Lin.m in Sources */ = {isa = PBXBuildFile; fileRef = AA49B1951A8295F6003EA1A3 /* IDEWorkspace+Lin.m */; };
		AA49B19C1A829B02003EA1A3 /* Completions.plist in Resources */ = {isa = PBXBuildFile; fileRef = AA49B19B1A829B02003EA1A3 /* Completions.plist */; };
		AA4A0AA81A874D20005109B0 /* DVTSourceCodeLanguage+Lin.m in Sources */ = {isa = PBXBuildFile; fileRef = AA4A0AA71A874D20005109B0 /* DVTSourceCodeLanguage+Lin.m */; };
		AA80F3471A82805B007687A3 /* Lin.m in Sources */ = {isa = PBXBuildFile; fileRef = AA80F3461A82805B007687A3 /* Lin.m */; };
		AA89B4FD1A872ED600E8CCD6 /* DVTTextCompletionDataSource+Lin.m in Sources */ = {isa = PBXBuildFile; fileRef = AA89B4FC1A872ED600E8CCD6 /* DVTTextCompletionDataSource+Lin.m */; };
		AAB604931A83933F00C0E59B /* Localizations.strings in Resources */ = {isa = PBXBuildFile; fileRef = AAB604921A83933F00C0E59B /* Localizations.strings */; };
		AAB604951A8393B800C0E59B /* LINLocalizationParserTests.m in Sources */ = {isa = PBXBuildFile; fileRef = AAB604941A8393B800C0E59B /* LINLocalizationParserTests.m */; };
		AAB604981A8393F700C0E59B /* LINLocalization.m in Sources */ = {isa = PBXBuildFile; fileRef = AAB604971A8393F700C0E59B /* LINLocalization.m */; };
		AAB6049D1A839A0C00C0E59B /* LINLocalization.m in Sources */ = {isa = PBXBuildFile; fileRef = AAB604971A8393F700C0E59B /* LINLocalization.m */; };
		AAB604A51A83C3B900C0E59B /* LINLocalizationParser.m in Sources */ = {isa = PBXBuildFile; fileRef = AAB604A41A83C3B900C0E59B /* LINLocalizationParser.m */; };
		AAB604AB1A83CBD400C0E59B /* LINLocalizationParser.m in Sources */ = {isa = PBXBuildFile; fileRef = AAB604A41A83C3B900C0E59B /* LINLocalizationParser.m */; };
/* End PBXBuildFile section */

/* Begin PBXFileReference section */
		AA023C121A82A2E700D4AE5F /* LinTests.xctest */ = {isa = PBXFileReference; explicitFileType = wrapper.cfbundle; includeInIndex = 0; path = LinTests.xctest; sourceTree = BUILT_PRODUCTS_DIR; };
		AA023C151A82A2E700D4AE5F /* Info.plist */ = {isa = PBXFileReference; lastKnownFileType = text.plist.xml; path = Info.plist; sourceTree = "<group>"; };
		AA12BEBC1AC52947001A97ED /* DVTTextCompletionSession.h */ = {isa = PBXFileReference; fileEncoding = 4; lastKnownFileType = sourcecode.c.h; path = DVTTextCompletionSession.h; sourceTree = "<group>"; };
		AA1313A11A82884B0080D488 /* MethodSwizzle.h */ = {isa = PBXFileReference; fileEncoding = 4; lastKnownFileType = sourcecode.c.h; path = MethodSwizzle.h; sourceTree = "<group>"; };
		AA1313A21A82884B0080D488 /* MethodSwizzle.m */ = {isa = PBXFileReference; fileEncoding = 4; lastKnownFileType = sourcecode.c.objc; path = MethodSwizzle.m; sourceTree = "<group>"; };
		AA1313A51A82890D0080D488 /* DVTCompletingTextView.h */ = {isa = PBXFileReference; fileEncoding = 4; lastKnownFileType = sourcecode.c.h; path = DVTCompletingTextView.h; sourceTree = "<group>"; };
		AA1313A81A8289360080D488 /* DVTSourceTextView+Lin.h */ = {isa = PBXFileReference; fileEncoding = 4; lastKnownFileType = sourcecode.c.h; path = "DVTSourceTextView+Lin.h"; sourceTree = "<group>"; };
		AA1313A91A8289360080D488 /* DVTSourceTextView+Lin.m */ = {isa = PBXFileReference; fileEncoding = 4; lastKnownFileType = sourcecode.c.objc; path = "DVTSourceTextView+Lin.m"; sourceTree = "<group>"; };
		AA1313AB1A8289D50080D488 /* IDEFoundation.framework */ = {isa = PBXFileReference; lastKnownFileType = wrapper.framework; name = IDEFoundation.framework; path = /Applications/Xcode.app/Contents/Frameworks/IDEFoundation.framework; sourceTree = "<absolute>"; };
		AA1313AC1A8289D50080D488 /* IDEKit.framework */ = {isa = PBXFileReference; lastKnownFileType = wrapper.framework; name = IDEKit.framework; path = /Applications/Xcode.app/Contents/Frameworks/IDEKit.framework; sourceTree = "<absolute>"; };
		AA1313AF1A8289E00080D488 /* DVTFoundation.framework */ = {isa = PBXFileReference; lastKnownFileType = wrapper.framework; name = DVTFoundation.framework; path = /Applications/Xcode.app/Contents/SharedFrameworks/DVTFoundation.framework; sourceTree = "<absolute>"; };
		AA1313B01A8289E00080D488 /* DVTKit.framework */ = {isa = PBXFileReference; lastKnownFileType = wrapper.framework; name = DVTKit.framework; path = /Applications/Xcode.app/Contents/SharedFrameworks/DVTKit.framework; sourceTree = "<absolute>"; };
		AA1313B31A8289E80080D488 /* Cocoa.framework */ = {isa = PBXFileReference; lastKnownFileType = wrapper.framework; name = Cocoa.framework; path = System/Library/Frameworks/Cocoa.framework; sourceTree = SDKROOT; };
		AA1DB1111A828C9800856B10 /* DVTTextCompletionController.h */ = {isa = PBXFileReference; fileEncoding = 4; lastKnownFileType = sourcecode.c.h; path = DVTTextCompletionController.h; sourceTree = "<group>"; };
		AA1DB1161A828CD500856B10 /* DVTTextCompletionController+Lin.h */ = {isa = PBXFileReference; fileEncoding = 4; lastKnownFileType = sourcecode.c.h; path = "DVTTextCompletionController+Lin.h"; sourceTree = "<group>"; };
		AA1DB1171A828CD500856B10 /* DVTTextCompletionController+Lin.m */ = {isa = PBXFileReference; fileEncoding = 4; lastKnownFileType = sourcecode.c.objc; path = "DVTTextCompletionController+Lin.m"; sourceTree = "<group>"; };
		AA1DB1201A828FBF00856B10 /* LINTextCompletionItem.h */ = {isa = PBXFileReference; fileEncoding = 4; lastKnownFileType = sourcecode.c.h; path = LINTextCompletionItem.h; sourceTree = "<group>"; };
		AA1DB1211A828FBF00856B10 /* LINTextCompletionItem.m */ = {isa = PBXFileReference; fileEncoding = 4; lastKnownFileType = sourcecode.c.objc; path = LINTextCompletionItem.m; sourceTree = "<group>"; };
		AA49B1931A82959D003EA1A3 /* IDEWorkspace.h */ = {isa = PBXFileReference; lastKnownFileType = sourcecode.c.h; path = IDEWorkspace.h; sourceTree = "<group>"; };
		AA49B1941A8295F6003EA1A3 /* IDEWorkspace+Lin.h */ = {isa = PBXFileReference; fileEncoding = 4; lastKnownFileType = sourcecode.c.h; path = "IDEWorkspace+Lin.h"; sourceTree = "<group>"; };
		AA49B1951A8295F6003EA1A3 /* IDEWorkspace+Lin.m */ = {isa = PBXFileReference; fileEncoding = 4; lastKnownFileType = sourcecode.c.objc; path = "IDEWorkspace+Lin.m"; sourceTree = "<group>"; };
		AA49B1971A8296AD003EA1A3 /* IDEIndex.h */ = {isa = PBXFileReference; fileEncoding = 4; lastKnownFileType = sourcecode.c.h; path = IDEIndex.h; sourceTree = "<group>"; };
		AA49B19A1A829977003EA1A3 /* DVTFilePath.h */ = {isa = PBXFileReference; lastKnownFileType = sourcecode.c.h; path = DVTFilePath.h; sourceTree = "<group>"; };
		AA49B19B1A829B02003EA1A3 /* Completions.plist */ = {isa = PBXFileReference; fileEncoding = 4; lastKnownFileType = text.plist.xml; path = Completions.plist; sourceTree = "<group>"; };
		AA4A0AA61A874D20005109B0 /* DVTSourceCodeLanguage+Lin.h */ = {isa = PBXFileReference; fileEncoding = 4; lastKnownFileType = sourcecode.c.h; path = "DVTSourceCodeLanguage+Lin.h"; sourceTree = "<group>"; };
		AA4A0AA71A874D20005109B0 /* DVTSourceCodeLanguage+Lin.m */ = {isa = PBXFileReference; fileEncoding = 4; lastKnownFileType = sourcecode.c.objc; path = "DVTSourceCodeLanguage+Lin.m"; sourceTree = "<group>"; };
		AA4A0AAF1A877250005109B0 /* IDELanguageSupportCore.ideplugin */ = {isa = PBXFileReference; lastKnownFileType = wrapper; name = IDELanguageSupportCore.ideplugin; path = ../../../../Applications/Xcode.app/Contents/PlugIns/IDELanguageSupportCore.ideplugin; sourceTree = "<group>"; };
		AA4A0AB01A877250005109B0 /* IDELanguageSupportUI.ideplugin */ = {isa = PBXFileReference; lastKnownFileType = wrapper; name = IDELanguageSupportUI.ideplugin; path = ../../../../Applications/Xcode.app/Contents/PlugIns/IDELanguageSupportUI.ideplugin; sourceTree = "<group>"; };
		AA69EE811A87B9ED00139C5D /* IDEIndexCompletionItem.h */ = {isa = PBXFileReference; lastKnownFileType = sourcecode.c.h; path = IDEIndexCompletionItem.h; sourceTree = "<group>"; };
		AA80F33B1A82804C007687A3 /* Lin.xcplugin */ = {isa = PBXFileReference; explicitFileType = wrapper.cfbundle; includeInIndex = 0; path = Lin.xcplugin; sourceTree = BUILT_PRODUCTS_DIR; };
		AA80F33F1A82804C007687A3 /* Info.plist */ = {isa = PBXFileReference; lastKnownFileType = text.plist.xml; path = Info.plist; sourceTree = "<group>"; };
		AA80F3451A82805B007687A3 /* Lin.h */ = {isa = PBXFileReference; fileEncoding = 4; lastKnownFileType = sourcecode.c.h; path = Lin.h; sourceTree = "<group>"; };
		AA80F3461A82805B007687A3 /* Lin.m */ = {isa = PBXFileReference; fileEncoding = 4; lastKnownFileType = sourcecode.c.objc; path = Lin.m; sourceTree = "<group>"; };
		AA89B4F71A872D0200E8CCD6 /* DVTTextCompletionDataSource.h */ = {isa = PBXFileReference; lastKnownFileType = sourcecode.c.h; path = DVTTextCompletionDataSource.h; sourceTree = "<group>"; };
		AA89B4F81A872D2000E8CCD6 /* DVTSourceCodeLanguage.h */ = {isa = PBXFileReference; lastKnownFileType = sourcecode.c.h; path = DVTSourceCodeLanguage.h; sourceTree = "<group>"; };
		AA89B4FB1A872ED600E8CCD6 /* DVTTextCompletionDataSource+Lin.h */ = {isa = PBXFileReference; fileEncoding = 4; lastKnownFileType = sourcecode.c.h; path = "DVTTextCompletionDataSource+Lin.h"; sourceTree = "<group>"; };
		AA89B4FC1A872ED600E8CCD6 /* DVTTextCompletionDataSource+Lin.m */ = {isa = PBXFileReference; fileEncoding = 4; lastKnownFileType = sourcecode.c.objc; path = "DVTTextCompletionDataSource+Lin.m"; sourceTree = "<group>"; };
		AAB604921A83933F00C0E59B /* Localizations.strings */ = {isa = PBXFileReference; fileEncoding = 4; lastKnownFileType = text.plist.strings; path = Localizations.strings; sourceTree = "<group>"; };
		AAB604941A8393B800C0E59B /* LINLocalizationParserTests.m */ = {isa = PBXFileReference; fileEncoding = 4; lastKnownFileType = sourcecode.c.objc; path = LINLocalizationParserTests.m; sourceTree = "<group>"; };
		AAB604961A8393F700C0E59B /* LINLocalization.h */ = {isa = PBXFileReference; fileEncoding = 4; lastKnownFileType = sourcecode.c.h; path = LINLocalization.h; sourceTree = "<group>"; };
		AAB604971A8393F700C0E59B /* LINLocalization.m */ = {isa = PBXFileReference; fileEncoding = 4; lastKnownFileType = sourcecode.c.objc; path = LINLocalization.m; sourceTree = "<group>"; };
		AAB6049F1A83A18400C0E59B /* IDEIndexCollection.h */ = {isa = PBXFileReference; lastKnownFileType = sourcecode.c.h; path = IDEIndexCollection.h; sourceTree = "<group>"; };
		AAB604A11A83A72600C0E59B /* DVTSourceTextView.h */ = {isa = PBXFileReference; lastKnownFileType = sourcecode.c.h; path = DVTSourceTextView.h; sourceTree = "<group>"; };
		AAB604A31A83C3B900C0E59B /* LINLocalizationParser.h */ = {isa = PBXFileReference; fileEncoding = 4; lastKnownFileType = sourcecode.c.h; path = LINLocalizationParser.h; sourceTree = "<group>"; };
		AAB604A41A83C3B900C0E59B /* LINLocalizationParser.m */ = {isa = PBXFileReference; fileEncoding = 4; lastKnownFileType = sourcecode.c.objc; path = LINLocalizationParser.m; sourceTree = "<group>"; };
		AAB604AC1A83D3B900C0E59B /* DVTTextStorage.h */ = {isa = PBXFileReference; lastKnownFileType = sourcecode.c.h; path = DVTTextStorage.h; sourceTree = "<group>"; };
		AAC2027C1A868C730010FDF7 /* Xcode.h */ = {isa = PBXFileReference; fileEncoding = 4; lastKnownFileType = sourcecode.c.h; path = Xcode.h; sourceTree = "<group>"; };
/* End PBXFileReference section */

/* Begin PBXFrameworksBuildPhase section */
		AA023C0F1A82A2E700D4AE5F /* Frameworks */ = {
			isa = PBXFrameworksBuildPhase;
			buildActionMask = 2147483647;
			files = (
			);
			runOnlyForDeploymentPostprocessing = 0;
		};
		AA80F3381A82804C007687A3 /* Frameworks */ = {
			isa = PBXFrameworksBuildPhase;
			buildActionMask = 2147483647;
			files = (
				AA1313B41A8289E80080D488 /* Cocoa.framework in Frameworks */,
				AA1313AD1A8289D50080D488 /* IDEFoundation.framework in Frameworks */,
				AA1313AE1A8289D50080D488 /* IDEKit.framework in Frameworks */,
				AA1313B11A8289E00080D488 /* DVTFoundation.framework in Frameworks */,
				AA1313B21A8289E00080D488 /* DVTKit.framework in Frameworks */,
			);
			runOnlyForDeploymentPostprocessing = 0;
		};
/* End PBXFrameworksBuildPhase section */

/* Begin PBXGroup section */
		AA023C131A82A2E700D4AE5F /* LinTests */ = {
			isa = PBXGroup;
			children = (
				AAB604941A8393B800C0E59B /* LINLocalizationParserTests.m */,
				AAB604921A83933F00C0E59B /* Localizations.strings */,
				AA023C141A82A2E700D4AE5F /* Supporting Files */,
			);
			path = LinTests;
			sourceTree = "<group>";
		};
		AA023C141A82A2E700D4AE5F /* Supporting Files */ = {
			isa = PBXGroup;
			children = (
				AA023C151A82A2E700D4AE5F /* Info.plist */,
			);
			name = "Supporting Files";
			sourceTree = "<group>";
		};
		AA1313B51A8289EC0080D488 /* Frameworks */ = {
			isa = PBXGroup;
			children = (
				AA4A0AAF1A877250005109B0 /* IDELanguageSupportCore.ideplugin */,
				AA4A0AB01A877250005109B0 /* IDELanguageSupportUI.ideplugin */,
				AA1313B31A8289E80080D488 /* Cocoa.framework */,
				AA1313AF1A8289E00080D488 /* DVTFoundation.framework */,
				AA1313B01A8289E00080D488 /* DVTKit.framework */,
				AA1313AB1A8289D50080D488 /* IDEFoundation.framework */,
				AA1313AC1A8289D50080D488 /* IDEKit.framework */,
			);
			name = Frameworks;
			sourceTree = "<group>";
		};
		AA1DB1141A828CBA00856B10 /* Categories */ = {
			isa = PBXGroup;
			children = (
				AA1313A11A82884B0080D488 /* MethodSwizzle.h */,
				AA1313A21A82884B0080D488 /* MethodSwizzle.m */,
				AA4A0AA61A874D20005109B0 /* DVTSourceCodeLanguage+Lin.h */,
				AA4A0AA71A874D20005109B0 /* DVTSourceCodeLanguage+Lin.m */,
				AA1313A81A8289360080D488 /* DVTSourceTextView+Lin.h */,
				AA1313A91A8289360080D488 /* DVTSourceTextView+Lin.m */,
				AA1DB1161A828CD500856B10 /* DVTTextCompletionController+Lin.h */,
				AA1DB1171A828CD500856B10 /* DVTTextCompletionController+Lin.m */,
				AA89B4FB1A872ED600E8CCD6 /* DVTTextCompletionDataSource+Lin.h */,
				AA89B4FC1A872ED600E8CCD6 /* DVTTextCompletionDataSource+Lin.m */,
				AA49B1941A8295F6003EA1A3 /* IDEWorkspace+Lin.h */,
				AA49B1951A8295F6003EA1A3 /* IDEWorkspace+Lin.m */,
			);
			name = Categories;
			sourceTree = "<group>";
		};
		AA1DB1151A828CC100856B10 /* Xcode */ = {
			isa = PBXGroup;
			children = (
				AAC2027C1A868C730010FDF7 /* Xcode.h */,
				AAB604A71A83C96600C0E59B /* DVTFoundation */,
				AAB604A61A83C93800C0E59B /* DVTKit */,
				AAB604A81A83C99F00C0E59B /* IDEFoundation */,
			);
			name = Xcode;
			sourceTree = "<group>";
		};
		AA80F3321A82804C007687A3 = {
			isa = PBXGroup;
			children = (
				AA80F33D1A82804C007687A3 /* Lin */,
				AA023C131A82A2E700D4AE5F /* LinTests */,
				AA1313B51A8289EC0080D488 /* Frameworks */,
				AA80F33C1A82804C007687A3 /* Products */,
			);
			sourceTree = "<group>";
		};
		AA80F33C1A82804C007687A3 /* Products */ = {
			isa = PBXGroup;
			children = (
				AA80F33B1A82804C007687A3 /* Lin.xcplugin */,
				AA023C121A82A2E700D4AE5F /* LinTests.xctest */,
			);
			name = Products;
			sourceTree = "<group>";
		};
		AA80F33D1A82804C007687A3 /* Lin */ = {
			isa = PBXGroup;
			children = (
				AA1DB1151A828CC100856B10 /* Xcode */,
				AA1DB1141A828CBA00856B10 /* Categories */,
				AAB6049E1A839BC500C0E59B /* Models */,
				AA80F3451A82805B007687A3 /* Lin.h */,
				AA80F3461A82805B007687A3 /* Lin.m */,
				AA80F33E1A82804C007687A3 /* Supporting Files */,
			);
			path = Lin;
			sourceTree = "<group>";
		};
		AA80F33E1A82804C007687A3 /* Supporting Files */ = {
			isa = PBXGroup;
			children = (
				AA80F33F1A82804C007687A3 /* Info.plist */,
				AA49B19B1A829B02003EA1A3 /* Completions.plist */,
			);
			name = "Supporting Files";
			sourceTree = "<group>";
		};
		AAB6049E1A839BC500C0E59B /* Models */ = {
			isa = PBXGroup;
			children = (
				AAB604A31A83C3B900C0E59B /* LINLocalizationParser.h */,
				AAB604A41A83C3B900C0E59B /* LINLocalizationParser.m */,
				AAB604961A8393F700C0E59B /* LINLocalization.h */,
				AAB604971A8393F700C0E59B /* LINLocalization.m */,
				AA1DB1201A828FBF00856B10 /* LINTextCompletionItem.h */,
				AA1DB1211A828FBF00856B10 /* LINTextCompletionItem.m */,
			);
			name = Models;
			sourceTree = "<group>";
		};
		AAB604A61A83C93800C0E59B /* DVTKit */ = {
			isa = PBXGroup;
			children = (
				AA1313A51A82890D0080D488 /* DVTCompletingTextView.h */,
				AAB604A11A83A72600C0E59B /* DVTSourceTextView.h */,
				AA1DB1111A828C9800856B10 /* DVTTextCompletionController.h */,
				AA89B4F71A872D0200E8CCD6 /* DVTTextCompletionDataSource.h */,
				AA12BEBC1AC52947001A97ED /* DVTTextCompletionSession.h */,
				AAB604AC1A83D3B900C0E59B /* DVTTextStorage.h */,
			);
			name = DVTKit;
			sourceTree = "<group>";
		};
		AAB604A71A83C96600C0E59B /* DVTFoundation */ = {
			isa = PBXGroup;
			children = (
				AA49B19A1A829977003EA1A3 /* DVTFilePath.h */,
				AA89B4F81A872D2000E8CCD6 /* DVTSourceCodeLanguage.h */,
			);
			name = DVTFoundation;
			sourceTree = "<group>";
		};
		AAB604A81A83C99F00C0E59B /* IDEFoundation */ = {
			isa = PBXGroup;
			children = (
				AA49B1971A8296AD003EA1A3 /* IDEIndex.h */,
				AA69EE811A87B9ED00139C5D /* IDEIndexCompletionItem.h */,
				AAB6049F1A83A18400C0E59B /* IDEIndexCollection.h */,
				AA49B1931A82959D003EA1A3 /* IDEWorkspace.h */,
			);
			name = IDEFoundation;
			sourceTree = "<group>";
		};
/* End PBXGroup section */

/* Begin PBXNativeTarget section */
		AA023C111A82A2E700D4AE5F /* LinTests */ = {
			isa = PBXNativeTarget;
			buildConfigurationList = AA023C181A82A2E700D4AE5F /* Build configuration list for PBXNativeTarget "LinTests" */;
			buildPhases = (
				AA023C0E1A82A2E700D4AE5F /* Sources */,
				AA023C0F1A82A2E700D4AE5F /* Frameworks */,
				AA023C101A82A2E700D4AE5F /* Resources */,
			);
			buildRules = (
			);
			dependencies = (
			);
			name = LinTests;
			productName = LinTests;
			productReference = AA023C121A82A2E700D4AE5F /* LinTests.xctest */;
			productType = "com.apple.product-type.bundle.unit-test";
		};
		AA80F33A1A82804C007687A3 /* Lin */ = {
			isa = PBXNativeTarget;
			buildConfigurationList = AA80F3421A82804C007687A3 /* Build configuration list for PBXNativeTarget "Lin" */;
			buildPhases = (
				AA80F3371A82804C007687A3 /* Sources */,
				AA80F3381A82804C007687A3 /* Frameworks */,
				AA80F3391A82804C007687A3 /* Resources */,
			);
			buildRules = (
			);
			dependencies = (
			);
			name = Lin;
			productName = Lin;
			productReference = AA80F33B1A82804C007687A3 /* Lin.xcplugin */;
			productType = "com.apple.product-type.bundle";
		};
/* End PBXNativeTarget section */

/* Begin PBXProject section */
		AA80F3331A82804C007687A3 /* Project object */ = {
			isa = PBXProject;
			attributes = {
				LastUpgradeCheck = 0720;
				ORGANIZATIONNAME = "Katsuma Tanaka";
				TargetAttributes = {
					AA023C111A82A2E700D4AE5F = {
						CreatedOnToolsVersion = 6.1;
					};
					AA80F33A1A82804C007687A3 = {
						CreatedOnToolsVersion = 6.1;
					};
				};
			};
			buildConfigurationList = AA80F3361A82804C007687A3 /* Build configuration list for PBXProject "Lin" */;
			compatibilityVersion = "Xcode 3.2";
			developmentRegion = English;
			hasScannedForEncodings = 0;
			knownRegions = (
				en,
			);
			mainGroup = AA80F3321A82804C007687A3;
			productRefGroup = AA80F33C1A82804C007687A3 /* Products */;
			projectDirPath = "";
			projectRoot = "";
			targets = (
				AA80F33A1A82804C007687A3 /* Lin */,
				AA023C111A82A2E700D4AE5F /* LinTests */,
			);
		};
/* End PBXProject section */

/* Begin PBXResourcesBuildPhase section */
		AA023C101A82A2E700D4AE5F /* Resources */ = {
			isa = PBXResourcesBuildPhase;
			buildActionMask = 2147483647;
			files = (
				AAB604931A83933F00C0E59B /* Localizations.strings in Resources */,
			);
			runOnlyForDeploymentPostprocessing = 0;
		};
		AA80F3391A82804C007687A3 /* Resources */ = {
			isa = PBXResourcesBuildPhase;
			buildActionMask = 2147483647;
			files = (
				AA49B19C1A829B02003EA1A3 /* Completions.plist in Resources */,
			);
			runOnlyForDeploymentPostprocessing = 0;
		};
/* End PBXResourcesBuildPhase section */

/* Begin PBXSourcesBuildPhase section */
		AA023C0E1A82A2E700D4AE5F /* Sources */ = {
			isa = PBXSourcesBuildPhase;
			buildActionMask = 2147483647;
			files = (
				AAB6049D1A839A0C00C0E59B /* LINLocalization.m in Sources */,
				AAB604951A8393B800C0E59B /* LINLocalizationParserTests.m in Sources */,
				AAB604AB1A83CBD400C0E59B /* LINLocalizationParser.m in Sources */,
			);
			runOnlyForDeploymentPostprocessing = 0;
		};
		AA80F3371A82804C007687A3 /* Sources */ = {
			isa = PBXSourcesBuildPhase;
			buildActionMask = 2147483647;
			files = (
				AAB604981A8393F700C0E59B /* LINLocalization.m in Sources */,
				AA89B4FD1A872ED600E8CCD6 /* DVTTextCompletionDataSource+Lin.m in Sources */,
				AAB604A51A83C3B900C0E59B /* LINLocalizationParser.m in Sources */,
				AA4A0AA81A874D20005109B0 /* DVTSourceCodeLanguage+Lin.m in Sources */,
				AA49B1961A8295F6003EA1A3 /* IDEWorkspace+Lin.m in Sources */,
				AA1DB1221A828FBF00856B10 /* LINTextCompletionItem.m in Sources */,
				AA1313AA1A8289360080D488 /* DVTSourceTextView+Lin.m in Sources */,
				AA1DB1181A828CD500856B10 /* DVTTextCompletionController+Lin.m in Sources */,
				AA80F3471A82805B007687A3 /* Lin.m in Sources */,
				AA1313A31A82884B0080D488 /* MethodSwizzle.m in Sources */,
			);
			runOnlyForDeploymentPostprocessing = 0;
		};
/* End PBXSourcesBuildPhase section */

/* Begin XCBuildConfiguration section */
		AA023C191A82A2E700D4AE5F /* Debug */ = {
			isa = XCBuildConfiguration;
			buildSettings = {
				COMBINE_HIDPI_IMAGES = YES;
				FRAMEWORK_SEARCH_PATHS = (
					"$(DEVELOPER_FRAMEWORKS_DIR)",
					"$(inherited)",
				);
				GCC_PREPROCESSOR_DEFINITIONS = (
					"DEBUG=1",
					"$(inherited)",
				);
				INFOPLIST_FILE = LinTests/Info.plist;
				LD_RUNPATH_SEARCH_PATHS = "$(inherited) @executable_path/../Frameworks @loader_path/../Frameworks";
				PRODUCT_BUNDLE_IDENTIFIER = "jp.questbeat.$(PRODUCT_NAME:rfc1034identifier)";
				PRODUCT_NAME = "$(TARGET_NAME)";
			};
			name = Debug;
		};
		AA023C1A1A82A2E700D4AE5F /* Release */ = {
			isa = XCBuildConfiguration;
			buildSettings = {
				COMBINE_HIDPI_IMAGES = YES;
				FRAMEWORK_SEARCH_PATHS = (
					"$(DEVELOPER_FRAMEWORKS_DIR)",
					"$(inherited)",
				);
				INFOPLIST_FILE = LinTests/Info.plist;
				LD_RUNPATH_SEARCH_PATHS = "$(inherited) @executable_path/../Frameworks @loader_path/../Frameworks";
				PRODUCT_BUNDLE_IDENTIFIER = "jp.questbeat.$(PRODUCT_NAME:rfc1034identifier)";
				PRODUCT_NAME = "$(TARGET_NAME)";
			};
			name = Release;
		};
		AA80F3401A82804C007687A3 /* Debug */ = {
			isa = XCBuildConfiguration;
			buildSettings = {
				ALWAYS_SEARCH_USER_PATHS = NO;
				CLANG_CXX_LANGUAGE_STANDARD = "gnu++0x";
				CLANG_CXX_LIBRARY = "libc++";
				CLANG_ENABLE_MODULES = YES;
				CLANG_ENABLE_OBJC_ARC = YES;
				CLANG_WARN_BOOL_CONVERSION = YES;
				CLANG_WARN_CONSTANT_CONVERSION = YES;
				CLANG_WARN_DIRECT_OBJC_ISA_USAGE = YES_ERROR;
				CLANG_WARN_EMPTY_BODY = YES;
				CLANG_WARN_ENUM_CONVERSION = YES;
				CLANG_WARN_INT_CONVERSION = YES;
				CLANG_WARN_OBJC_ROOT_CLASS = YES_ERROR;
				CLANG_WARN_UNREACHABLE_CODE = YES;
				CLANG_WARN__DUPLICATE_METHOD_MATCH = YES;
				COPY_PHASE_STRIP = NO;
				ENABLE_STRICT_OBJC_MSGSEND = YES;
				ENABLE_TESTABILITY = YES;
				GCC_C_LANGUAGE_STANDARD = gnu99;
				GCC_DYNAMIC_NO_PIC = NO;
				GCC_OPTIMIZATION_LEVEL = 0;
				GCC_PREPROCESSOR_DEFINITIONS = (
					"DEBUG=1",
					"$(inherited)",
				);
				GCC_SYMBOLS_PRIVATE_EXTERN = NO;
				GCC_WARN_64_TO_32_BIT_CONVERSION = YES;
				GCC_WARN_ABOUT_RETURN_TYPE = YES_ERROR;
				GCC_WARN_UNDECLARED_SELECTOR = YES;
				GCC_WARN_UNINITIALIZED_AUTOS = YES_AGGRESSIVE;
				GCC_WARN_UNUSED_FUNCTION = YES;
				GCC_WARN_UNUSED_VARIABLE = YES;
				MACOSX_DEPLOYMENT_TARGET = 10.10;
				MTL_ENABLE_DEBUG_INFO = YES;
				ONLY_ACTIVE_ARCH = YES;
				SDKROOT = macosx;
			};
			name = Debug;
		};
		AA80F3411A82804C007687A3 /* Release */ = {
			isa = XCBuildConfiguration;
			buildSettings = {
				ALWAYS_SEARCH_USER_PATHS = NO;
				CLANG_CXX_LANGUAGE_STANDARD = "gnu++0x";
				CLANG_CXX_LIBRARY = "libc++";
				CLANG_ENABLE_MODULES = YES;
				CLANG_ENABLE_OBJC_ARC = YES;
				CLANG_WARN_BOOL_CONVERSION = YES;
				CLANG_WARN_CONSTANT_CONVERSION = YES;
				CLANG_WARN_DIRECT_OBJC_ISA_USAGE = YES_ERROR;
				CLANG_WARN_EMPTY_BODY = YES;
				CLANG_WARN_ENUM_CONVERSION = YES;
				CLANG_WARN_INT_CONVERSION = YES;
				CLANG_WARN_OBJC_ROOT_CLASS = YES_ERROR;
				CLANG_WARN_UNREACHABLE_CODE = YES;
				CLANG_WARN__DUPLICATE_METHOD_MATCH = YES;
				COPY_PHASE_STRIP = YES;
				DEBUG_INFORMATION_FORMAT = "dwarf-with-dsym";
				ENABLE_NS_ASSERTIONS = NO;
				ENABLE_STRICT_OBJC_MSGSEND = YES;
				GCC_C_LANGUAGE_STANDARD = gnu99;
				GCC_WARN_64_TO_32_BIT_CONVERSION = YES;
				GCC_WARN_ABOUT_RETURN_TYPE = YES_ERROR;
				GCC_WARN_UNDECLARED_SELECTOR = YES;
				GCC_WARN_UNINITIALIZED_AUTOS = YES_AGGRESSIVE;
				GCC_WARN_UNUSED_FUNCTION = YES;
				GCC_WARN_UNUSED_VARIABLE = YES;
				MACOSX_DEPLOYMENT_TARGET = 10.10;
				MTL_ENABLE_DEBUG_INFO = NO;
				SDKROOT = macosx;
			};
			name = Release;
		};
		AA80F3431A82804C007687A3 /* Debug */ = {
			isa = XCBuildConfiguration;
			buildSettings = {
				COMBINE_HIDPI_IMAGES = YES;
				DEPLOYMENT_LOCATION = YES;
				DSTROOT = "$(HOME)";
				FRAMEWORK_SEARCH_PATHS = (
					"$(inherited)",
					"$(DEVELOPER_DIR)/../Frameworks",
					"$(DEVELOPER_DIR)/../SharedFrameworks",
				);
				INFOPLIST_FILE = Lin/Info.plist;
				INSTALL_PATH = "/Library/Application Support/Developer/Shared/Xcode/Plug-ins";
				PRODUCT_BUNDLE_IDENTIFIER = "jp.questbeat.$(PRODUCT_NAME:rfc1034identifier)";
				PRODUCT_NAME = "$(TARGET_NAME)";
				SKIP_INSTALL = NO;
				WRAPPER_EXTENSION = xcplugin;
			};
			name = Debug;
		};
		AA80F3441A82804C007687A3 /* Release */ = {
			isa = XCBuildConfiguration;
			buildSettings = {
				COMBINE_HIDPI_IMAGES = YES;
				DEPLOYMENT_LOCATION = YES;
				DSTROOT = "$(HOME)";
				FRAMEWORK_SEARCH_PATHS = (
					"$(inherited)",
					"$(DEVELOPER_DIR)/../Frameworks",
					"$(DEVELOPER_DIR)/../SharedFrameworks",
				);
				INFOPLIST_FILE = Lin/Info.plist;
				INSTALL_PATH = "/Library/Application Support/Developer/Shared/Xcode/Plug-ins";
				PRODUCT_BUNDLE_IDENTIFIER = "jp.questbeat.$(PRODUCT_NAME:rfc1034identifier)";
				PRODUCT_NAME = "$(TARGET_NAME)";
				SKIP_INSTALL = NO;
				WRAPPER_EXTENSION = xcplugin;
			};
			name = Release;
		};
/* End XCBuildConfiguration section */

/* Begin XCConfigurationList section */
		AA023C181A82A2E700D4AE5F /* Build configuration list for PBXNativeTarget "LinTests" */ = {
			isa = XCConfigurationList;
			buildConfigurations = (
				AA023C191A82A2E700D4AE5F /* Debug */,
				AA023C1A1A82A2E700D4AE5F /* Release */,
			);
			defaultConfigurationIsVisible = 0;
			defaultConfigurationName = Release;
		};
		AA80F3361A82804C007687A3 /* Build configuration list for PBXProject "Lin" */ = {
			isa = XCConfigurationList;
			buildConfigurations = (
				AA80F3401A82804C007687A3 /* Debug */,
				AA80F3411A82804C007687A3 /* Release */,
			);
			defaultConfigurationIsVisible = 0;
			defaultConfigurationName = Release;
		};
		AA80F3421A82804C007687A3 /* Build configuration list for PBXNativeTarget "Lin" */ = {
			isa = XCConfigurationList;
			buildConfigurations = (
				AA80F3431A82804C007687A3 /* Debug */,
				AA80F3441A82804C007687A3 /* Release */,
			);
			defaultConfigurationIsVisible = 0;
			defaultConfigurationName = Release;
		};
/* End XCConfigurationList section */
	};
	rootObject = AA80F3331A82804C007687A3 /* Project object */;
}
